// !$*UTF8*$!
{
	archiveVersion = 1;
	classes = {
	};
	objectVersion = 48;
	objects = {

/* Begin PBXBuildFile section */
		AA34CC01200055EE009258A4 /* AppDelegate.m in Sources */ = {isa = PBXBuildFile; fileRef = AA34CC00200055EE009258A4 /* AppDelegate.m */; };
		AA34CC04200055EE009258A4 /* ViewController.m in Sources */ = {isa = PBXBuildFile; fileRef = AA34CC03200055EE009258A4 /* ViewController.m */; };
		AA34CC07200055EE009258A4 /* Main.storyboard in Resources */ = {isa = PBXBuildFile; fileRef = AA34CC05200055EE009258A4 /* Main.storyboard */; };
		AA34CC09200055EE009258A4 /* Assets.xcassets in Resources */ = {isa = PBXBuildFile; fileRef = AA34CC08200055EE009258A4 /* Assets.xcassets */; };
		AA34CC0C200055EE009258A4 /* LaunchScreen.storyboard in Resources */ = {isa = PBXBuildFile; fileRef = AA34CC0A200055EE009258A4 /* LaunchScreen.storyboard */; };
		AA34CC0F200055EE009258A4 /* main.m in Sources */ = {isa = PBXBuildFile; fileRef = AA34CC0E200055EE009258A4 /* main.m */; };
		AA34CC17200064F3009258A4 /* Dog.m in Sources */ = {isa = PBXBuildFile; fileRef = AA34CC16200064F3009258A4 /* Dog.m */; };
		AA34CC1A2000C31E009258A4 /* Person.m in Sources */ = {isa = PBXBuildFile; fileRef = AA34CC192000C31E009258A4 /* Person.m */; };
/* End PBXBuildFile section */

/* Begin PBXFileReference section */
		AA34CBFC200055EE009258A4 /* property.app */ = {isa = PBXFileReference; explicitFileType = wrapper.application; includeInIndex = 0; path = property.app; sourceTree = BUILT_PRODUCTS_DIR; };
		AA34CBFF200055EE009258A4 /* AppDelegate.h */ = {isa = PBXFileReference; lastKnownFileType = sourcecode.c.h; path = AppDelegate.h; sourceTree = "<group>"; };
		AA34CC00200055EE009258A4 /* AppDelegate.m */ = {isa = PBXFileReference; lastKnownFileType = sourcecode.c.objc; path = AppDelegate.m; sourceTree = "<group>"; };
		AA34CC02200055EE009258A4 /* ViewController.h */ = {isa = PBXFileReference; lastKnownFileType = sourcecode.c.h; path = ViewController.h; sourceTree = "<group>"; };
		AA34CC03200055EE009258A4 /* ViewController.m */ = {isa = PBXFileReference; lastKnownFileType = sourcecode.c.objc; path = ViewController.m; sourceTree = "<group>"; };
		AA34CC06200055EE009258A4 /* Base */ = {isa = PBXFileReference; lastKnownFileType = file.storyboard; name = Base; path = Base.lproj/Main.storyboard; sourceTree = "<group>"; };
		AA34CC08200055EE009258A4 /* Assets.xcassets */ = {isa = PBXFileReference; lastKnownFileType = folder.assetcatalog; path = Assets.xcassets; sourceTree = "<group>"; };
		AA34CC0B200055EE009258A4 /* Base */ = {isa = PBXFileReference; lastKnownFileType = file.storyboard; name = Base; path = Base.lproj/LaunchScreen.storyboard; sourceTree = "<group>"; };
		AA34CC0D200055EE009258A4 /* Info.plist */ = {isa = PBXFileReference; lastKnownFileType = text.plist.xml; path = Info.plist; sourceTree = "<group>"; };
		AA34CC0E200055EE009258A4 /* main.m */ = {isa = PBXFileReference; lastKnownFileType = sourcecode.c.objc; path = main.m; sourceTree = "<group>"; };
		AA34CC15200064F3009258A4 /* Dog.h */ = {isa = PBXFileReference; lastKnownFileType = sourcecode.c.h; path = Dog.h; sourceTree = "<group>"; };
		AA34CC16200064F3009258A4 /* Dog.m */ = {isa = PBXFileReference; lastKnownFileType = sourcecode.c.objc; path = Dog.m; sourceTree = "<group>"; };
		AA34CC182000C31E009258A4 /* Person.h */ = {isa = PBXFileReference; lastKnownFileType = sourcecode.c.h; path = Person.h; sourceTree = "<group>"; };
		AA34CC192000C31E009258A4 /* Person.m */ = {isa = PBXFileReference; lastKnownFileType = sourcecode.c.objc; path = Person.m; sourceTree = "<group>"; };
/* End PBXFileReference section */

/* Begin PBXFrameworksBuildPhase section */
		AA34CBF9200055EE009258A4 /* Frameworks */ = {
			isa = PBXFrameworksBuildPhase;
			buildActionMask = 2147483647;
			files = (
			);
			runOnlyForDeploymentPostprocessing = 0;
		};
/* End PBXFrameworksBuildPhase section */

/* Begin PBXGroup section */
		AA34CBF3200055EE009258A4 = {
			isa = PBXGroup;
			children = (
				AA34CBFE200055EE009258A4 /* property */,
				AA34CBFD200055EE009258A4 /* Products */,
			);
			sourceTree = "<group>";
		};
		AA34CBFD200055EE009258A4 /* Products */ = {
			isa = PBXGroup;
			children = (
				AA34CBFC200055EE009258A4 /* property.app */,
			);
			name = Products;
			sourceTree = "<group>";
		};
		AA34CBFE200055EE009258A4 /* property */ = {
			isa = PBXGroup;
			children = (
				AA34CBFF200055EE009258A4 /* AppDelegate.h */,
				AA34CC00200055EE009258A4 /* AppDelegate.m */,
				AA34CC02200055EE009258A4 /* ViewController.h */,
				AA34CC03200055EE009258A4 /* ViewController.m */,
				AA34CC15200064F3009258A4 /* Dog.h */,
				AA34CC16200064F3009258A4 /* Dog.m */,
				AA34CC05200055EE009258A4 /* Main.storyboard */,
				AA34CC08200055EE009258A4 /* Assets.xcassets */,
				AA34CC0A200055EE009258A4 /* LaunchScreen.storyboard */,
				AA34CC0D200055EE009258A4 /* Info.plist */,
				AA34CC0E200055EE009258A4 /* main.m */,
				AA34CC182000C31E009258A4 /* Person.h */,
				AA34CC192000C31E009258A4 /* Person.m */,
			);
			path = property;
			sourceTree = "<group>";
		};
/* End PBXGroup section */

/* Begin PBXNativeTarget section */
		AA34CBFB200055EE009258A4 /* property */ = {
			isa = PBXNativeTarget;
			buildConfigurationList = AA34CC12200055EE009258A4 /* Build configuration list for PBXNativeTarget "property" */;
			buildPhases = (
				AA34CBF8200055EE009258A4 /* Sources */,
				AA34CBF9200055EE009258A4 /* Frameworks */,
				AA34CBFA200055EE009258A4 /* Resources */,
			);
			buildRules = (
			);
			dependencies = (
			);
			name = property;
			productName = property;
			productReference = AA34CBFC200055EE009258A4 /* property.app */;
			productType = "com.apple.product-type.application";
		};
/* End PBXNativeTarget section */

/* Begin PBXProject section */
		AA34CBF4200055EE009258A4 /* Project object */ = {
			isa = PBXProject;
			attributes = {
				LastUpgradeCheck = 0920;
				ORGANIZATIONNAME = wwh;
				TargetAttributes = {
					AA34CBFB200055EE009258A4 = {
						CreatedOnToolsVersion = 9.2;
						ProvisioningStyle = Automatic;
					};
				};
			};
			buildConfigurationList = AA34CBF7200055EE009258A4 /* Build configuration list for PBXProject "property" */;
			compatibilityVersion = "Xcode 8.0";
			developmentRegion = en;
			hasScannedForEncodings = 0;
			knownRegions = (
				en,
				Base,
			);
			mainGroup = AA34CBF3200055EE009258A4;
			productRefGroup = AA34CBFD200055EE009258A4 /* Products */;
			projectDirPath = "";
			projectRoot = "";
			targets = (
				AA34CBFB200055EE009258A4 /* property */,
			);
		};
/* End PBXProject section */

/* Begin PBXResourcesBuildPhase section */
		AA34CBFA200055EE009258A4 /* Resources */ = {
			isa = PBXResourcesBuildPhase;
			buildActionMask = 2147483647;
			files = (
				AA34CC0C200055EE009258A4 /* LaunchScreen.storyboard in Resources */,
				AA34CC09200055EE009258A4 /* Assets.xcassets in Resources */,
				AA34CC07200055EE009258A4 /* Main.storyboard in Resources */,
			);
			runOnlyForDeploymentPostprocessing = 0;
		};
/* End PBXResourcesBuildPhase section */

/* Begin PBXSourcesBuildPhase section */
		AA34CBF8200055EE009258A4 /* Sources */ = {
			isa = PBXSourcesBuildPhase;
			buildActionMask = 2147483647;
			files = (
				AA34CC04200055EE009258A4 /* ViewController.m in Sources */,
				AA34CC0F200055EE009258A4 /* main.m in Sources */,
				AA34CC1A2000C31E009258A4 /* Person.m in Sources */,
				AA34CC17200064F3009258A4 /* Dog.m in Sources */,
				AA34CC01200055EE009258A4 /* AppDelegate.m in Sources */,
			);
			runOnlyForDeploymentPostprocessing = 0;
		};
/* End PBXSourcesBuildPhase section */

/* Begin PBXVariantGroup section */
		AA34CC05200055EE009258A4 /* Main.storyboard */ = {
			isa = PBXVariantGroup;
			children = (
				AA34CC06200055EE009258A4 /* Base */,
			);
			name = Main.storyboard;
			sourceTree = "<group>";
		};
		AA34CC0A200055EE009258A4 /* LaunchScreen.storyboard */ = {
			isa = PBXVariantGroup;
			children = (
				AA34CC0B200055EE009258A4 /* Base */,
			);
			name = LaunchScreen.storyboard;
			sourceTree = "<group>";
		};
/* End PBXVariantGroup section */

/* Begin XCBuildConfiguration section */
		AA34CC10200055EE009258A4 /* Debug */ = {
			isa = XCBuildConfiguration;
			buildSettings = {
				ALWAYS_SEARCH_USER_PATHS = NO;
				CLANG_ANALYZER_NONNULL = YES;
				CLANG_ANALYZER_NUMBER_OBJECT_CONVERSION = YES_AGGRESSIVE;
				CLANG_CXX_LANGUAGE_STANDARD = "gnu++14";
				CLANG_CXX_LIBRARY = "libc++";
				CLANG_ENABLE_MODULES = YES;
				CLANG_ENABLE_OBJC_ARC = YES;
				CLANG_WARN_BLOCK_CAPTURE_AUTORELEASING = YES;
				CLANG_WARN_BOOL_CONVERSION = YES;
				CLANG_WARN_COMMA = YES;
				CLANG_WARN_CONSTANT_CONVERSION = YES;
				CLANG_WARN_DIRECT_OBJC_ISA_USAGE = YES_ERROR;
				CLANG_WARN_DOCUMENTATION_COMMENTS = YES;
				CLANG_WARN_EMPTY_BODY = YES;
				CLANG_WARN_ENUM_CONVERSION = YES;
				CLANG_WARN_INFINITE_RECURSION = YES;
				CLANG_WARN_INT_CONVERSION = YES;
				CLANG_WARN_NON_LITERAL_NULL_CONVERSION = YES;
				CLANG_WARN_OBJC_LITERAL_CONVERSION = YES;
				CLANG_WARN_OBJC_ROOT_CLASS = YES_ERROR;
				CLANG_WARN_RANGE_LOOP_ANALYSIS = YES;
				CLANG_WARN_STRICT_PROTOTYPES = YES;
				CLANG_WARN_SUSPICIOUS_MOVE = YES;
				CLANG_WARN_UNGUARDED_AVAILABILITY = YES_AGGRESSIVE;
				CLANG_WARN_UNREACHABLE_CODE = YES;
				CLANG_WARN__DUPLICATE_METHOD_MATCH = YES;
				CODE_SIGN_IDENTITY = "iPhone Developer";
				COPY_PHASE_STRIP = NO;
				DEBUG_INFORMATION_FORMAT = dwarf;
				ENABLE_STRICT_OBJC_MSGSEND = YES;
				ENABLE_TESTABILITY = YES;
				GCC_C_LANGUAGE_STANDARD = gnu11;
				GCC_DYNAMIC_NO_PIC = NO;
				GCC_NO_COMMON_BLOCKS = YES;
				GCC_OPTIMIZATION_LEVEL = 0;
				GCC_PREPROCESSOR_DEFINITIONS = (
					"DEBUG=1",
					"$(inherited)",
				);
				GCC_WARN_64_TO_32_BIT_CONVERSION = YES;
				GCC_WARN_ABOUT_RETURN_TYPE = YES_ERROR;
				GCC_WARN_UNDECLARED_SELECTOR = YES;
				GCC_WARN_UNINITIALIZED_AUTOS = YES_AGGRESSIVE;
				GCC_WARN_UNUSED_FUNCTION = YES;
				GCC_WARN_UNUSED_VARIABLE = YES;
				IPHONEOS_DEPLOYMENT_TARGET = 11.2;
				MTL_ENABLE_DEBUG_INFO = YES;
				ONLY_ACTIVE_ARCH = YES;
				SDKROOT = iphoneos;
			};
			name = Debug;
		};
		AA34CC11200055EE009258A4 /* Release */ = {
			isa = XCBuildConfiguration;
			buildSettings = {
				ALWAYS_SEARCH_USER_PATHS = NO;
				CLANG_ANALYZER_NONNULL = YES;
				CLANG_ANALYZER_NUMBER_OBJECT_CONVERSION = YES_AGGRESSIVE;
				CLANG_CXX_LANGUAGE_STANDARD = "gnu++14";
				CLANG_CXX_LIBRARY = "libc++";
				CLANG_ENABLE_MODULES = YES;
				CLANG_ENABLE_OBJC_ARC = YES;
				CLANG_WARN_BLOCK_CAPTURE_AUTORELEASING = YES;
				CLANG_WARN_BOOL_CONVERSION = YES;
				CLANG_WARN_COMMA = YES;
				CLANG_WARN_CONSTANT_CONVERSION = YES;
				CLANG_WARN_DIRECT_OBJC_ISA_USAGE = YES_ERROR;
				CLANG_WARN_DOCUMENTATION_COMMENTS = YES;
				CLANG_WARN_EMPTY_BODY = YES;
				CLANG_WARN_ENUM_CONVERSION = YES;
				CLANG_WARN_INFINITE_RECURSION = YES;
				CLANG_WARN_INT_CONVERSION = YES;
				CLANG_WARN_NON_LITERAL_NULL_CONVERSION = YES;
				CLANG_WARN_OBJC_LITERAL_CONVERSION = YES;
				CLANG_WARN_OBJC_ROOT_CLASS = YES_ERROR;
				CLANG_WARN_RANGE_LOOP_ANALYSIS = YES;
				CLANG_WARN_STRICT_PROTOTYPES = YES;
				CLANG_WARN_SUSPICIOUS_MOVE = YES;
				CLANG_WARN_UNGUARDED_AVAILABILITY = YES_AGGRESSIVE;
				CLANG_WARN_UNREACHABLE_CODE = YES;
				CLANG_WARN__DUPLICATE_METHOD_MATCH = YES;
				CODE_SIGN_IDENTITY = "iPhone Developer";
				COPY_PHASE_STRIP = NO;
				DEBUG_INFORMATION_FORMAT = "dwarf-with-dsym";
				ENABLE_NS_ASSERTIONS = NO;
				ENABLE_STRICT_OBJC_MSGSEND = YES;
				GCC_C_LANGUAGE_STANDARD = gnu11;
				GCC_NO_COMMON_BLOCKS = YES;
				GCC_WARN_64_TO_32_BIT_CONVERSION = YES;
				GCC_WARN_ABOUT_RETURN_TYPE = YES_ERROR;
				GCC_WARN_UNDECLARED_SELECTOR = YES;
				GCC_WARN_UNINITIALIZED_AUTOS = YES_AGGRESSIVE;
				GCC_WARN_UNUSED_FUNCTION = YES;
				GCC_WARN_UNUSED_VARIABLE = YES;
				IPHONEOS_DEPLOYMENT_TARGET = 11.2;
				MTL_ENABLE_DEBUG_INFO = NO;
				SDKROOT = iphoneos;
				VALIDATE_PRODUCT = YES;
			};
			name = Release;
		};
		AA34CC13200055EE009258A4 /* Debug */ = {
			isa = XCBuildConfiguration;
			buildSettings = {
				ASSETCATALOG_COMPILER_APPICON_NAME = AppIcon;
				CODE_SIGN_STYLE = Automatic;
				DEVELOPMENT_TEAM = 8XH63VCP26;
				INFOPLIST_FILE = property/Info.plist;
				LD_RUNPATH_SEARCH_PATHS = "$(inherited) @executable_path/Frameworks";
				PRODUCT_BUNDLE_IDENTIFIER = wangweihu.property;
				PRODUCT_NAME = "$(TARGET_NAME)";
				TARGETED_DEVICE_FAMILY = "1,2";
			};
			name = Debug;
		};
		AA34CC14200055EE009258A4 /* Release */ = {
			isa = XCBuildConfiguration;
			buildSettings = {
				ASSETCATALOG_COMPILER_APPICON_NAME = AppIcon;
				CODE_SIGN_STYLE = Automatic;
				DEVELOPMENT_TEAM = 8XH63VCP26;
				INFOPLIST_FILE = property/Info.plist;
				LD_RUNPATH_SEARCH_PATHS = "$(inherited) @executable_path/Frameworks";
				PRODUCT_BUNDLE_IDENTIFIER = wangweihu.property;
				PRODUCT_NAME = "$(TARGET_NAME)";
				TARGETED_DEVICE_FAMILY = "1,2";
			};
			name = Release;
		};
/* End XCBuildConfiguration section */

/* Begin XCConfigurationList section */
		AA34CBF7200055EE009258A4 /* Build configuration list for PBXProject "property" */ = {
			isa = XCConfigurationList;
			buildConfigurations = (
				AA34CC10200055EE009258A4 /* Debug */,
				AA34CC11200055EE009258A4 /* Release */,
			);
			defaultConfigurationIsVisible = 0;
			defaultConfigurationName = Release;
		};
		AA34CC12200055EE009258A4 /* Build configuration list for PBXNativeTarget "property" */ = {
			isa = XCConfigurationList;
			buildConfigurations = (
				AA34CC13200055EE009258A4 /* Debug */,
				AA34CC14200055EE009258A4 /* Release */,
			);
			defaultConfigurationIsVisible = 0;
			defaultConfigurationName = Release;
		};
/* End XCConfigurationList section */
	};
	rootObject = AA34CBF4200055EE009258A4 /* Project object */;
}
