// !$*UTF8*$!
{
	archiveVersion = 1;
	classes = {
	};
	objectVersion = 48;
	objects = {

/* Begin PBXBuildFile section */
		AA63C0B72017040400EEB482 /* main.cpp in Sources */ = {isa = PBXBuildFile; fileRef = AA63C0B62017040400EEB482 /* main.cpp */; };
		AA63C0BF2017046500EEB482 /* Circle.cpp in Sources */ = {isa = PBXBuildFile; fileRef = AA63C0BE2017046500EEB482 /* Circle.cpp */; };
		AA82C74D2018558E005C9DB7 /* Reference.cpp in Sources */ = {isa = PBXBuildFile; fileRef = AA82C74B2018558E005C9DB7 /* Reference.cpp */; };
		AA94E677201B03650018EDBA /* Name.cpp in Sources */ = {isa = PBXBuildFile; fileRef = AA94E675201B03650018EDBA /* Name.cpp */; };
/* End PBXBuildFile section */

/* Begin PBXCopyFilesBuildPhase section */
		AA63C0B12017040400EEB482 /* CopyFiles */ = {
			isa = PBXCopyFilesBuildPhase;
			buildActionMask = 2147483647;
			dstPath = /usr/share/man/man1/;
			dstSubfolderSpec = 0;
			files = (
			);
			runOnlyForDeploymentPostprocessing = 1;
		};
/* End PBXCopyFilesBuildPhase section */

/* Begin PBXFileReference section */
		AA63C0B32017040400EEB482 /* C&C++ */ = {isa = PBXFileReference; explicitFileType = "compiled.mach-o.executable"; includeInIndex = 0; path = "C&C++"; sourceTree = BUILT_PRODUCTS_DIR; };
		AA63C0B62017040400EEB482 /* main.cpp */ = {isa = PBXFileReference; lastKnownFileType = sourcecode.cpp.cpp; path = main.cpp; sourceTree = "<group>"; };
		AA63C0BE2017046500EEB482 /* Circle.cpp */ = {isa = PBXFileReference; lastKnownFileType = sourcecode.cpp.cpp; path = Circle.cpp; sourceTree = "<group>"; };
		AA63C0C02017056500EEB482 /* Circle.h */ = {isa = PBXFileReference; lastKnownFileType = sourcecode.c.h; path = Circle.h; sourceTree = "<group>"; };
		AA82C74B2018558E005C9DB7 /* Reference.cpp */ = {isa = PBXFileReference; lastKnownFileType = sourcecode.cpp.cpp; path = Reference.cpp; sourceTree = "<group>"; };
		AA82C74C2018558E005C9DB7 /* Reference.hpp */ = {isa = PBXFileReference; lastKnownFileType = sourcecode.cpp.h; path = Reference.hpp; sourceTree = "<group>"; };
		AA94E675201B03650018EDBA /* Name.cpp */ = {isa = PBXFileReference; lastKnownFileType = sourcecode.cpp.cpp; path = Name.cpp; sourceTree = "<group>"; };
		AA94E676201B03650018EDBA /* Name.hpp */ = {isa = PBXFileReference; lastKnownFileType = sourcecode.cpp.h; path = Name.hpp; sourceTree = "<group>"; };
/* End PBXFileReference section */

/* Begin PBXFrameworksBuildPhase section */
		AA63C0B02017040400EEB482 /* Frameworks */ = {
			isa = PBXFrameworksBuildPhase;
			buildActionMask = 2147483647;
			files = (
			);
			runOnlyForDeploymentPostprocessing = 0;
		};
/* End PBXFrameworksBuildPhase section */

/* Begin PBXGroup section */
		AA63C0AA2017040400EEB482 = {
			isa = PBXGroup;
			children = (
				AA63C0B52017040400EEB482 /* C&C++ */,
				AA63C0B42017040400EEB482 /* Products */,
			);
			sourceTree = "<group>";
		};
		AA63C0B42017040400EEB482 /* Products */ = {
			isa = PBXGroup;
			children = (
				AA63C0B32017040400EEB482 /* C&C++ */,
			);
			name = Products;
			sourceTree = "<group>";
		};
		AA63C0B52017040400EEB482 /* C&C++ */ = {
			isa = PBXGroup;
			children = (
				AA82C74A20185577005C9DB7 /* Day2 */,
				AA63C0BD2017042100EEB482 /* Day1 */,
				AA63C0B62017040400EEB482 /* main.cpp */,
			);
			path = "C&C++";
			sourceTree = "<group>";
		};
		AA63C0BD2017042100EEB482 /* Day1 */ = {
			isa = PBXGroup;
			children = (
				AA63C0C02017056500EEB482 /* Circle.h */,
				AA63C0BE2017046500EEB482 /* Circle.cpp */,
				AA94E676201B03650018EDBA /* Name.hpp */,
				AA94E675201B03650018EDBA /* Name.cpp */,
			);
			path = Day1;
			sourceTree = "<group>";
		};
		AA82C74A20185577005C9DB7 /* Day2 */ = {
			isa = PBXGroup;
			children = (
				AA82C74C2018558E005C9DB7 /* Reference.hpp */,
				AA82C74B2018558E005C9DB7 /* Reference.cpp */,
			);
			path = Day2;
			sourceTree = "<group>";
		};
/* End PBXGroup section */

/* Begin PBXNativeTarget section */
		AA63C0B22017040400EEB482 /* C&C++ */ = {
			isa = PBXNativeTarget;
			buildConfigurationList = AA63C0BA2017040400EEB482 /* Build configuration list for PBXNativeTarget "C&C++" */;
			buildPhases = (
				AA63C0AF2017040400EEB482 /* Sources */,
				AA63C0B02017040400EEB482 /* Frameworks */,
				AA63C0B12017040400EEB482 /* CopyFiles */,
			);
			buildRules = (
			);
			dependencies = (
			);
			name = "C&C++";
			productName = "C&C++";
			productReference = AA63C0B32017040400EEB482 /* C&C++ */;
			productType = "com.apple.product-type.tool";
		};
/* End PBXNativeTarget section */

/* Begin PBXProject section */
		AA63C0AB2017040400EEB482 /* Project object */ = {
			isa = PBXProject;
			attributes = {
				LastUpgradeCheck = 0920;
				ORGANIZATIONNAME = wwh;
				TargetAttributes = {
					AA63C0B22017040400EEB482 = {
						CreatedOnToolsVersion = 9.2;
						ProvisioningStyle = Automatic;
					};
				};
			};
			buildConfigurationList = AA63C0AE2017040400EEB482 /* Build configuration list for PBXProject "C&C++" */;
			compatibilityVersion = "Xcode 8.0";
			developmentRegion = en;
			hasScannedForEncodings = 0;
			knownRegions = (
				en,
			);
			mainGroup = AA63C0AA2017040400EEB482;
			productRefGroup = AA63C0B42017040400EEB482 /* Products */;
			projectDirPath = "";
			projectRoot = "";
			targets = (
				AA63C0B22017040400EEB482 /* C&C++ */,
			);
		};
/* End PBXProject section */

/* Begin PBXSourcesBuildPhase section */
		AA63C0AF2017040400EEB482 /* Sources */ = {
			isa = PBXSourcesBuildPhase;
			buildActionMask = 2147483647;
			files = (
				AA63C0B72017040400EEB482 /* main.cpp in Sources */,
				AA63C0BF2017046500EEB482 /* Circle.cpp in Sources */,
				AA94E677201B03650018EDBA /* Name.cpp in Sources */,
				AA82C74D2018558E005C9DB7 /* Reference.cpp in Sources */,
			);
			runOnlyForDeploymentPostprocessing = 0;
		};
/* End PBXSourcesBuildPhase section */

/* Begin XCBuildConfiguration section */
		AA63C0B82017040400EEB482 /* Debug */ = {
			isa = XCBuildConfiguration;
			buildSettings = {
				ALWAYS_SEARCH_USER_PATHS = NO;
				CLANG_ANALYZER_NONNULL = YES;
				CLANG_ANALYZER_NUMBER_OBJECT_CONVERSION = YES_AGGRESSIVE;
				CLANG_CXX_LANGUAGE_STANDARD = "gnu++14";
				CLANG_CXX_LIBRARY = "libc++";
				CLANG_ENABLE_MODULES = YES;
				CLANG_ENABLE_OBJC_ARC = YES;
				CLANG_WARN_BLOCK_CAPTURE_AUTORELEASING = YES;
				CLANG_WARN_BOOL_CONVERSION = YES;
				CLANG_WARN_COMMA = YES;
				CLANG_WARN_CONSTANT_CONVERSION = YES;
				CLANG_WARN_DIRECT_OBJC_ISA_USAGE = YES_ERROR;
				CLANG_WARN_DOCUMENTATION_COMMENTS = YES;
				CLANG_WARN_EMPTY_BODY = YES;
				CLANG_WARN_ENUM_CONVERSION = YES;
				CLANG_WARN_INFINITE_RECURSION = YES;
				CLANG_WARN_INT_CONVERSION = YES;
				CLANG_WARN_NON_LITERAL_NULL_CONVERSION = YES;
				CLANG_WARN_OBJC_LITERAL_CONVERSION = YES;
				CLANG_WARN_OBJC_ROOT_CLASS = YES_ERROR;
				CLANG_WARN_RANGE_LOOP_ANALYSIS = YES;
				CLANG_WARN_STRICT_PROTOTYPES = YES;
				CLANG_WARN_SUSPICIOUS_MOVE = YES;
				CLANG_WARN_UNGUARDED_AVAILABILITY = YES_AGGRESSIVE;
				CLANG_WARN_UNREACHABLE_CODE = YES;
				CLANG_WARN__DUPLICATE_METHOD_MATCH = YES;
				CODE_SIGN_IDENTITY = "Mac Developer";
				COPY_PHASE_STRIP = NO;
				DEBUG_INFORMATION_FORMAT = dwarf;
				ENABLE_STRICT_OBJC_MSGSEND = YES;
				ENABLE_TESTABILITY = YES;
				GCC_C_LANGUAGE_STANDARD = gnu11;
				GCC_DYNAMIC_NO_PIC = NO;
				GCC_NO_COMMON_BLOCKS = YES;
				GCC_OPTIMIZATION_LEVEL = 0;
				GCC_PREPROCESSOR_DEFINITIONS = (
					"DEBUG=1",
					"$(inherited)",
				);
				GCC_WARN_64_TO_32_BIT_CONVERSION = YES;
				GCC_WARN_ABOUT_RETURN_TYPE = YES_ERROR;
				GCC_WARN_UNDECLARED_SELECTOR = YES;
				GCC_WARN_UNINITIALIZED_AUTOS = YES_AGGRESSIVE;
				GCC_WARN_UNUSED_FUNCTION = YES;
				GCC_WARN_UNUSED_VARIABLE = YES;
				MACOSX_DEPLOYMENT_TARGET = 10.13;
				MTL_ENABLE_DEBUG_INFO = YES;
				ONLY_ACTIVE_ARCH = YES;
				SDKROOT = macosx;
			};
			name = Debug;
		};
		AA63C0B92017040400EEB482 /* Release */ = {
			isa = XCBuildConfiguration;
			buildSettings = {
				ALWAYS_SEARCH_USER_PATHS = NO;
				CLANG_ANALYZER_NONNULL = YES;
				CLANG_ANALYZER_NUMBER_OBJECT_CONVERSION = YES_AGGRESSIVE;
				CLANG_CXX_LANGUAGE_STANDARD = "gnu++14";
				CLANG_CXX_LIBRARY = "libc++";
				CLANG_ENABLE_MODULES = YES;
				CLANG_ENABLE_OBJC_ARC = YES;
				CLANG_WARN_BLOCK_CAPTURE_AUTORELEASING = YES;
				CLANG_WARN_BOOL_CONVERSION = YES;
				CLANG_WARN_COMMA = YES;
				CLANG_WARN_CONSTANT_CONVERSION = YES;
				CLANG_WARN_DIRECT_OBJC_ISA_USAGE = YES_ERROR;
				CLANG_WARN_DOCUMENTATION_COMMENTS = YES;
				CLANG_WARN_EMPTY_BODY = YES;
				CLANG_WARN_ENUM_CONVERSION = YES;
				CLANG_WARN_INFINITE_RECURSION = YES;
				CLANG_WARN_INT_CONVERSION = YES;
				CLANG_WARN_NON_LITERAL_NULL_CONVERSION = YES;
				CLANG_WARN_OBJC_LITERAL_CONVERSION = YES;
				CLANG_WARN_OBJC_ROOT_CLASS = YES_ERROR;
				CLANG_WARN_RANGE_LOOP_ANALYSIS = YES;
				CLANG_WARN_STRICT_PROTOTYPES = YES;
				CLANG_WARN_SUSPICIOUS_MOVE = YES;
				CLANG_WARN_UNGUARDED_AVAILABILITY = YES_AGGRESSIVE;
				CLANG_WARN_UNREACHABLE_CODE = YES;
				CLANG_WARN__DUPLICATE_METHOD_MATCH = YES;
				CODE_SIGN_IDENTITY = "Mac Developer";
				COPY_PHASE_STRIP = NO;
				DEBUG_INFORMATION_FORMAT = "dwarf-with-dsym";
				ENABLE_NS_ASSERTIONS = NO;
				ENABLE_STRICT_OBJC_MSGSEND = YES;
				GCC_C_LANGUAGE_STANDARD = gnu11;
				GCC_NO_COMMON_BLOCKS = YES;
				GCC_WARN_64_TO_32_BIT_CONVERSION = YES;
				GCC_WARN_ABOUT_RETURN_TYPE = YES_ERROR;
				GCC_WARN_UNDECLARED_SELECTOR = YES;
				GCC_WARN_UNINITIALIZED_AUTOS = YES_AGGRESSIVE;
				GCC_WARN_UNUSED_FUNCTION = YES;
				GCC_WARN_UNUSED_VARIABLE = YES;
				MACOSX_DEPLOYMENT_TARGET = 10.13;
				MTL_ENABLE_DEBUG_INFO = NO;
				SDKROOT = macosx;
			};
			name = Release;
		};
		AA63C0BB2017040400EEB482 /* Debug */ = {
			isa = XCBuildConfiguration;
			buildSettings = {
				CODE_SIGN_STYLE = Automatic;
				DEVELOPMENT_TEAM = 8XH63VCP26;
				PRODUCT_NAME = "$(TARGET_NAME)";
			};
			name = Debug;
		};
		AA63C0BC2017040400EEB482 /* Release */ = {
			isa = XCBuildConfiguration;
			buildSettings = {
				CODE_SIGN_STYLE = Automatic;
				DEVELOPMENT_TEAM = 8XH63VCP26;
				PRODUCT_NAME = "$(TARGET_NAME)";
			};
			name = Release;
		};
/* End XCBuildConfiguration section */

/* Begin XCConfigurationList section */
		AA63C0AE2017040400EEB482 /* Build configuration list for PBXProject "C&C++" */ = {
			isa = XCConfigurationList;
			buildConfigurations = (
				AA63C0B82017040400EEB482 /* Debug */,
				AA63C0B92017040400EEB482 /* Release */,
			);
			defaultConfigurationIsVisible = 0;
			defaultConfigurationName = Release;
		};
		AA63C0BA2017040400EEB482 /* Build configuration list for PBXNativeTarget "C&C++" */ = {
			isa = XCConfigurationList;
			buildConfigurations = (
				AA63C0BB2017040400EEB482 /* Debug */,
				AA63C0BC2017040400EEB482 /* Release */,
			);
			defaultConfigurationIsVisible = 0;
			defaultConfigurationName = Release;
		};
/* End XCConfigurationList section */
	};
	rootObject = AA63C0AB2017040400EEB482 /* Project object */;
}
