// !$*UTF8*$!
{
	archiveVersion = 1;
	classes = {
	};
	objectVersion = 48;
	objects = {

/* Begin PBXBuildFile section */
		AA17A343201071F5007B8535 /* Dog.m in Sources */ = {isa = PBXBuildFile; fileRef = AA17A33D201071F5007B8535 /* Dog.m */; };
		AA17A344201071F5007B8535 /* Person.m in Sources */ = {isa = PBXBuildFile; fileRef = AA17A33F201071F5007B8535 /* Person.m */; };
		AA17A345201071F5007B8535 /* Animal.m in Sources */ = {isa = PBXBuildFile; fileRef = AA17A342201071F5007B8535 /* Animal.m */; };
		AA17A34720107392007B8535 /* Property.rtf in Resources */ = {isa = PBXBuildFile; fileRef = AA17A34620107392007B8535 /* Property.rtf */; };
		AA17A34B201076A1007B8535 /* HomeHeaderView.m in Sources */ = {isa = PBXBuildFile; fileRef = AA17A349201076A0007B8535 /* HomeHeaderView.m */; };
		AA17A34D20107805007B8535 /* ViewController.rtf in Resources */ = {isa = PBXBuildFile; fileRef = AA17A34C20107805007B8535 /* ViewController.rtf */; };
		AA17A34F20109447007B8535 /* HomeHeaderView.rtf in Resources */ = {isa = PBXBuildFile; fileRef = AA17A34E20109447007B8535 /* HomeHeaderView.rtf */; };
		AA779CB920086F670034994A /* WWHCache.m in Sources */ = {isa = PBXBuildFile; fileRef = AA779CB820086F660034994A /* WWHCache.m */; };
		AA779CBB20086F7B0034994A /* WWHCache.rtf in Resources */ = {isa = PBXBuildFile; fileRef = AA779CBA20086F7B0034994A /* WWHCache.rtf */; };
		AADF60D62006FE5B00B6F705 /* AppDelegate.m in Sources */ = {isa = PBXBuildFile; fileRef = AADF60D52006FE5B00B6F705 /* AppDelegate.m */; };
		AADF60D92006FE5B00B6F705 /* ViewController.m in Sources */ = {isa = PBXBuildFile; fileRef = AADF60D82006FE5B00B6F705 /* ViewController.m */; };
		AADF60DC2006FE5B00B6F705 /* Main.storyboard in Resources */ = {isa = PBXBuildFile; fileRef = AADF60DA2006FE5B00B6F705 /* Main.storyboard */; };
		AADF60DE2006FE5B00B6F705 /* Assets.xcassets in Resources */ = {isa = PBXBuildFile; fileRef = AADF60DD2006FE5B00B6F705 /* Assets.xcassets */; };
		AADF60E12006FE5B00B6F705 /* LaunchScreen.storyboard in Resources */ = {isa = PBXBuildFile; fileRef = AADF60DF2006FE5B00B6F705 /* LaunchScreen.storyboard */; };
		AADF60E42006FE5B00B6F705 /* main.m in Sources */ = {isa = PBXBuildFile; fileRef = AADF60E32006FE5B00B6F705 /* main.m */; };
		AADF60F22006FF7700B6F705 /* CategoryDemo+attribute1.m in Sources */ = {isa = PBXBuildFile; fileRef = AADF60EC2006FF7700B6F705 /* CategoryDemo+attribute1.m */; };
		AADF60F32006FF7700B6F705 /* CategoryDemo.m in Sources */ = {isa = PBXBuildFile; fileRef = AADF60EE2006FF7700B6F705 /* CategoryDemo.m */; };
		AADF60F42006FF7700B6F705 /* CategoryDemo+attribute.m in Sources */ = {isa = PBXBuildFile; fileRef = AADF60F02006FF7700B6F705 /* CategoryDemo+attribute.m */; };
		AADF60F62006FFE500B6F705 /* Category.rtf in Resources */ = {isa = PBXBuildFile; fileRef = AADF60F52006FFE500B6F705 /* Category.rtf */; };
		AADF60FA200700C500B6F705 /* DataType.c in Sources */ = {isa = PBXBuildFile; fileRef = AADF60F9200700C500B6F705 /* DataType.c */; };
		AADF60FC2007013B00B6F705 /* Data type.rtfd in Resources */ = {isa = PBXBuildFile; fileRef = AADF60FB2007013B00B6F705 /* Data type.rtfd */; };
		AADF61002007198500B6F705 /* Enumerating.m in Sources */ = {isa = PBXBuildFile; fileRef = AADF60FF2007198500B6F705 /* Enumerating.m */; };
		AADF610220073AC100B6F705 /* 3. Enumerating.rtf in Resources */ = {isa = PBXBuildFile; fileRef = AADF610120073AC100B6F705 /* 3. Enumerating.rtf */; };
/* End PBXBuildFile section */

/* Begin PBXFileReference section */
		AA17A33D201071F5007B8535 /* Dog.m */ = {isa = PBXFileReference; fileEncoding = 4; lastKnownFileType = sourcecode.c.objc; path = Dog.m; sourceTree = "<group>"; };
		AA17A33E201071F5007B8535 /* Person.h */ = {isa = PBXFileReference; fileEncoding = 4; lastKnownFileType = sourcecode.c.h; path = Person.h; sourceTree = "<group>"; };
		AA17A33F201071F5007B8535 /* Person.m */ = {isa = PBXFileReference; fileEncoding = 4; lastKnownFileType = sourcecode.c.objc; path = Person.m; sourceTree = "<group>"; };
		AA17A340201071F5007B8535 /* Animal.h */ = {isa = PBXFileReference; fileEncoding = 4; lastKnownFileType = sourcecode.c.h; path = Animal.h; sourceTree = "<group>"; };
		AA17A341201071F5007B8535 /* Dog.h */ = {isa = PBXFileReference; fileEncoding = 4; lastKnownFileType = sourcecode.c.h; path = Dog.h; sourceTree = "<group>"; };
		AA17A342201071F5007B8535 /* Animal.m */ = {isa = PBXFileReference; fileEncoding = 4; lastKnownFileType = sourcecode.c.objc; path = Animal.m; sourceTree = "<group>"; };
		AA17A34620107392007B8535 /* Property.rtf */ = {isa = PBXFileReference; lastKnownFileType = text.rtf; path = Property.rtf; sourceTree = "<group>"; };
		AA17A349201076A0007B8535 /* HomeHeaderView.m */ = {isa = PBXFileReference; fileEncoding = 4; lastKnownFileType = sourcecode.c.objc; path = HomeHeaderView.m; sourceTree = "<group>"; };
		AA17A34A201076A1007B8535 /* HomeHeaderView.h */ = {isa = PBXFileReference; fileEncoding = 4; lastKnownFileType = sourcecode.c.h; path = HomeHeaderView.h; sourceTree = "<group>"; };
		AA17A34C20107805007B8535 /* ViewController.rtf */ = {isa = PBXFileReference; lastKnownFileType = text.rtf; path = ViewController.rtf; sourceTree = "<group>"; };
		AA17A34E20109447007B8535 /* HomeHeaderView.rtf */ = {isa = PBXFileReference; lastKnownFileType = text.rtf; path = HomeHeaderView.rtf; sourceTree = "<group>"; };
		AA779CB720086F660034994A /* WWHCache.h */ = {isa = PBXFileReference; lastKnownFileType = sourcecode.c.h; path = WWHCache.h; sourceTree = "<group>"; };
		AA779CB820086F660034994A /* WWHCache.m */ = {isa = PBXFileReference; lastKnownFileType = sourcecode.c.objc; path = WWHCache.m; sourceTree = "<group>"; };
		AA779CBA20086F7B0034994A /* WWHCache.rtf */ = {isa = PBXFileReference; lastKnownFileType = text.rtf; path = WWHCache.rtf; sourceTree = "<group>"; };
		AADF60D12006FE5B00B6F705 /* Effective Objective-C.app */ = {isa = PBXFileReference; explicitFileType = wrapper.application; includeInIndex = 0; path = "Effective Objective-C.app"; sourceTree = BUILT_PRODUCTS_DIR; };
		AADF60D42006FE5B00B6F705 /* AppDelegate.h */ = {isa = PBXFileReference; lastKnownFileType = sourcecode.c.h; path = AppDelegate.h; sourceTree = "<group>"; };
		AADF60D52006FE5B00B6F705 /* AppDelegate.m */ = {isa = PBXFileReference; lastKnownFileType = sourcecode.c.objc; path = AppDelegate.m; sourceTree = "<group>"; };
		AADF60D72006FE5B00B6F705 /* ViewController.h */ = {isa = PBXFileReference; lastKnownFileType = sourcecode.c.h; path = ViewController.h; sourceTree = "<group>"; };
		AADF60D82006FE5B00B6F705 /* ViewController.m */ = {isa = PBXFileReference; lastKnownFileType = sourcecode.c.objc; path = ViewController.m; sourceTree = "<group>"; };
		AADF60DB2006FE5B00B6F705 /* Base */ = {isa = PBXFileReference; lastKnownFileType = file.storyboard; name = Base; path = Base.lproj/Main.storyboard; sourceTree = "<group>"; };
		AADF60DD2006FE5B00B6F705 /* Assets.xcassets */ = {isa = PBXFileReference; lastKnownFileType = folder.assetcatalog; path = Assets.xcassets; sourceTree = "<group>"; };
		AADF60E02006FE5B00B6F705 /* Base */ = {isa = PBXFileReference; lastKnownFileType = file.storyboard; name = Base; path = Base.lproj/LaunchScreen.storyboard; sourceTree = "<group>"; };
		AADF60E22006FE5B00B6F705 /* Info.plist */ = {isa = PBXFileReference; lastKnownFileType = text.plist.xml; path = Info.plist; sourceTree = "<group>"; };
		AADF60E32006FE5B00B6F705 /* main.m */ = {isa = PBXFileReference; lastKnownFileType = sourcecode.c.objc; path = main.m; sourceTree = "<group>"; };
		AADF60EC2006FF7700B6F705 /* CategoryDemo+attribute1.m */ = {isa = PBXFileReference; fileEncoding = 4; lastKnownFileType = sourcecode.c.objc; path = "CategoryDemo+attribute1.m"; sourceTree = "<group>"; };
		AADF60ED2006FF7700B6F705 /* CategoryDemo.h */ = {isa = PBXFileReference; fileEncoding = 4; lastKnownFileType = sourcecode.c.h; path = CategoryDemo.h; sourceTree = "<group>"; };
		AADF60EE2006FF7700B6F705 /* CategoryDemo.m */ = {isa = PBXFileReference; fileEncoding = 4; lastKnownFileType = sourcecode.c.objc; path = CategoryDemo.m; sourceTree = "<group>"; };
		AADF60EF2006FF7700B6F705 /* CategoryDemo+attribute.h */ = {isa = PBXFileReference; fileEncoding = 4; lastKnownFileType = sourcecode.c.h; path = "CategoryDemo+attribute.h"; sourceTree = "<group>"; };
		AADF60F02006FF7700B6F705 /* CategoryDemo+attribute.m */ = {isa = PBXFileReference; fileEncoding = 4; lastKnownFileType = sourcecode.c.objc; path = "CategoryDemo+attribute.m"; sourceTree = "<group>"; };
		AADF60F12006FF7700B6F705 /* CategoryDemo+attribute1.h */ = {isa = PBXFileReference; fileEncoding = 4; lastKnownFileType = sourcecode.c.h; path = "CategoryDemo+attribute1.h"; sourceTree = "<group>"; };
		AADF60F52006FFE500B6F705 /* Category.rtf */ = {isa = PBXFileReference; lastKnownFileType = text.rtf; path = Category.rtf; sourceTree = "<group>"; };
		AADF60F8200700C500B6F705 /* DataType.h */ = {isa = PBXFileReference; lastKnownFileType = sourcecode.c.h; path = DataType.h; sourceTree = "<group>"; };
		AADF60F9200700C500B6F705 /* DataType.c */ = {isa = PBXFileReference; lastKnownFileType = sourcecode.c.c; path = DataType.c; sourceTree = "<group>"; };
		AADF60FB2007013B00B6F705 /* Data type.rtfd */ = {isa = PBXFileReference; lastKnownFileType = wrapper.rtfd; path = "Data type.rtfd"; sourceTree = "<group>"; };
		AADF60FE2007198500B6F705 /* Enumerating.h */ = {isa = PBXFileReference; lastKnownFileType = sourcecode.c.h; path = Enumerating.h; sourceTree = "<group>"; };
		AADF60FF2007198500B6F705 /* Enumerating.m */ = {isa = PBXFileReference; lastKnownFileType = sourcecode.c.objc; path = Enumerating.m; sourceTree = "<group>"; };
		AADF610120073AC100B6F705 /* 3. Enumerating.rtf */ = {isa = PBXFileReference; lastKnownFileType = text.rtf; path = "3. Enumerating.rtf"; sourceTree = "<group>"; };
/* End PBXFileReference section */

/* Begin PBXFrameworksBuildPhase section */
		AADF60CE2006FE5B00B6F705 /* Frameworks */ = {
			isa = PBXFrameworksBuildPhase;
			buildActionMask = 2147483647;
			files = (
			);
			runOnlyForDeploymentPostprocessing = 0;
		};
/* End PBXFrameworksBuildPhase section */

/* Begin PBXGroup section */
		AA17A33C201071B5007B8535 /* 0.Property */ = {
			isa = PBXGroup;
			children = (
				AA17A340201071F5007B8535 /* Animal.h */,
				AA17A342201071F5007B8535 /* Animal.m */,
				AA17A341201071F5007B8535 /* Dog.h */,
				AA17A33D201071F5007B8535 /* Dog.m */,
				AA17A33E201071F5007B8535 /* Person.h */,
				AA17A33F201071F5007B8535 /* Person.m */,
				AA17A34620107392007B8535 /* Property.rtf */,
			);
			path = 0.Property;
			sourceTree = "<group>";
		};
		AA17A34820107680007B8535 /* 5.UIView&CALayer */ = {
			isa = PBXGroup;
			children = (
				AA17A34A201076A1007B8535 /* HomeHeaderView.h */,
				AA17A349201076A0007B8535 /* HomeHeaderView.m */,
				AA17A34E20109447007B8535 /* HomeHeaderView.rtf */,
			);
			path = "5.UIView&CALayer";
			sourceTree = "<group>";
		};
		AA779CB620086F170034994A /* 4.NSCache&NSDictionary */ = {
			isa = PBXGroup;
			children = (
				AA779CB720086F660034994A /* WWHCache.h */,
				AA779CB820086F660034994A /* WWHCache.m */,
				AA779CBA20086F7B0034994A /* WWHCache.rtf */,
			);
			path = "4.NSCache&NSDictionary";
			sourceTree = "<group>";
		};
		AADF60C82006FE5B00B6F705 = {
			isa = PBXGroup;
			children = (
				AADF60D32006FE5B00B6F705 /* Effective Objective-C */,
				AADF60D22006FE5B00B6F705 /* Products */,
			);
			sourceTree = "<group>";
		};
		AADF60D22006FE5B00B6F705 /* Products */ = {
			isa = PBXGroup;
			children = (
				AADF60D12006FE5B00B6F705 /* Effective Objective-C.app */,
			);
			name = Products;
			sourceTree = "<group>";
		};
		AADF60D32006FE5B00B6F705 /* Effective Objective-C */ = {
			isa = PBXGroup;
			children = (
				AADF60D42006FE5B00B6F705 /* AppDelegate.h */,
				AADF60D52006FE5B00B6F705 /* AppDelegate.m */,
				AA17A33C201071B5007B8535 /* 0.Property */,
				AADF60EB2006FEA200B6F705 /* 1.Category */,
				AADF60F72007008200B6F705 /* 2.Data type */,
				AADF60FD2007194900B6F705 /* 3. Enumerating */,
				AA779CB620086F170034994A /* 4.NSCache&NSDictionary */,
				AA17A34820107680007B8535 /* 5.UIView&CALayer */,
				AADF60D72006FE5B00B6F705 /* ViewController.h */,
				AADF60D82006FE5B00B6F705 /* ViewController.m */,
				AA17A34C20107805007B8535 /* ViewController.rtf */,
				AADF60EA2006FE8300B6F705 /* Supporting Files */,
			);
			path = "Effective Objective-C";
			sourceTree = "<group>";
		};
		AADF60EA2006FE8300B6F705 /* Supporting Files */ = {
			isa = PBXGroup;
			children = (
				AADF60DA2006FE5B00B6F705 /* Main.storyboard */,
				AADF60DD2006FE5B00B6F705 /* Assets.xcassets */,
				AADF60DF2006FE5B00B6F705 /* LaunchScreen.storyboard */,
				AADF60E22006FE5B00B6F705 /* Info.plist */,
				AADF60E32006FE5B00B6F705 /* main.m */,
			);
			path = "Supporting Files";
			sourceTree = "<group>";
		};
		AADF60EB2006FEA200B6F705 /* 1.Category */ = {
			isa = PBXGroup;
			children = (
				AADF60ED2006FF7700B6F705 /* CategoryDemo.h */,
				AADF60EE2006FF7700B6F705 /* CategoryDemo.m */,
				AADF60EF2006FF7700B6F705 /* CategoryDemo+attribute.h */,
				AADF60F02006FF7700B6F705 /* CategoryDemo+attribute.m */,
				AADF60F12006FF7700B6F705 /* CategoryDemo+attribute1.h */,
				AADF60EC2006FF7700B6F705 /* CategoryDemo+attribute1.m */,
				AADF60F52006FFE500B6F705 /* Category.rtf */,
			);
			path = 1.Category;
			sourceTree = "<group>";
		};
		AADF60F72007008200B6F705 /* 2.Data type */ = {
			isa = PBXGroup;
			children = (
				AADF60F8200700C500B6F705 /* DataType.h */,
				AADF60F9200700C500B6F705 /* DataType.c */,
				AADF60FB2007013B00B6F705 /* Data type.rtfd */,
			);
			path = "2.Data type";
			sourceTree = "<group>";
		};
		AADF60FD2007194900B6F705 /* 3. Enumerating */ = {
			isa = PBXGroup;
			children = (
				AADF60FE2007198500B6F705 /* Enumerating.h */,
				AADF60FF2007198500B6F705 /* Enumerating.m */,
				AADF610120073AC100B6F705 /* 3. Enumerating.rtf */,
			);
			path = "3. Enumerating";
			sourceTree = "<group>";
		};
/* End PBXGroup section */

/* Begin PBXNativeTarget section */
		AADF60D02006FE5B00B6F705 /* Effective Objective-C */ = {
			isa = PBXNativeTarget;
			buildConfigurationList = AADF60E72006FE5B00B6F705 /* Build configuration list for PBXNativeTarget "Effective Objective-C" */;
			buildPhases = (
				AADF60CD2006FE5B00B6F705 /* Sources */,
				AADF60CE2006FE5B00B6F705 /* Frameworks */,
				AADF60CF2006FE5B00B6F705 /* Resources */,
			);
			buildRules = (
			);
			dependencies = (
			);
			name = "Effective Objective-C";
			productName = "Effective Objective-C";
			productReference = AADF60D12006FE5B00B6F705 /* Effective Objective-C.app */;
			productType = "com.apple.product-type.application";
		};
/* End PBXNativeTarget section */

/* Begin PBXProject section */
		AADF60C92006FE5B00B6F705 /* Project object */ = {
			isa = PBXProject;
			attributes = {
				LastUpgradeCheck = 0920;
				ORGANIZATIONNAME = wwh;
				TargetAttributes = {
					AADF60D02006FE5B00B6F705 = {
						CreatedOnToolsVersion = 9.2;
						ProvisioningStyle = Automatic;
					};
				};
			};
			buildConfigurationList = AADF60CC2006FE5B00B6F705 /* Build configuration list for PBXProject "Effective Objective-C" */;
			compatibilityVersion = "Xcode 8.0";
			developmentRegion = en;
			hasScannedForEncodings = 0;
			knownRegions = (
				en,
				Base,
			);
			mainGroup = AADF60C82006FE5B00B6F705;
			productRefGroup = AADF60D22006FE5B00B6F705 /* Products */;
			projectDirPath = "";
			projectRoot = "";
			targets = (
				AADF60D02006FE5B00B6F705 /* Effective Objective-C */,
			);
		};
/* End PBXProject section */

/* Begin PBXResourcesBuildPhase section */
		AADF60CF2006FE5B00B6F705 /* Resources */ = {
			isa = PBXResourcesBuildPhase;
			buildActionMask = 2147483647;
			files = (
				AA779CBB20086F7B0034994A /* WWHCache.rtf in Resources */,
				AA17A34F20109447007B8535 /* HomeHeaderView.rtf in Resources */,
				AADF60FC2007013B00B6F705 /* Data type.rtfd in Resources */,
				AADF60F62006FFE500B6F705 /* Category.rtf in Resources */,
				AA17A34720107392007B8535 /* Property.rtf in Resources */,
				AADF60E12006FE5B00B6F705 /* LaunchScreen.storyboard in Resources */,
				AADF60DE2006FE5B00B6F705 /* Assets.xcassets in Resources */,
				AADF610220073AC100B6F705 /* 3. Enumerating.rtf in Resources */,
				AADF60DC2006FE5B00B6F705 /* Main.storyboard in Resources */,
				AA17A34D20107805007B8535 /* ViewController.rtf in Resources */,
			);
			runOnlyForDeploymentPostprocessing = 0;
		};
/* End PBXResourcesBuildPhase section */

/* Begin PBXSourcesBuildPhase section */
		AADF60CD2006FE5B00B6F705 /* Sources */ = {
			isa = PBXSourcesBuildPhase;
			buildActionMask = 2147483647;
			files = (
				AADF60D92006FE5B00B6F705 /* ViewController.m in Sources */,
				AADF60F32006FF7700B6F705 /* CategoryDemo.m in Sources */,
				AA17A344201071F5007B8535 /* Person.m in Sources */,
				AA17A34B201076A1007B8535 /* HomeHeaderView.m in Sources */,
				AADF60E42006FE5B00B6F705 /* main.m in Sources */,
				AA779CB920086F670034994A /* WWHCache.m in Sources */,
				AADF60D62006FE5B00B6F705 /* AppDelegate.m in Sources */,
				AADF60F22006FF7700B6F705 /* CategoryDemo+attribute1.m in Sources */,
				AADF60F42006FF7700B6F705 /* CategoryDemo+attribute.m in Sources */,
				AA17A345201071F5007B8535 /* Animal.m in Sources */,
				AADF60FA200700C500B6F705 /* DataType.c in Sources */,
				AA17A343201071F5007B8535 /* Dog.m in Sources */,
				AADF61002007198500B6F705 /* Enumerating.m in Sources */,
			);
			runOnlyForDeploymentPostprocessing = 0;
		};
/* End PBXSourcesBuildPhase section */

/* Begin PBXVariantGroup section */
		AADF60DA2006FE5B00B6F705 /* Main.storyboard */ = {
			isa = PBXVariantGroup;
			children = (
				AADF60DB2006FE5B00B6F705 /* Base */,
			);
			name = Main.storyboard;
			sourceTree = "<group>";
		};
		AADF60DF2006FE5B00B6F705 /* LaunchScreen.storyboard */ = {
			isa = PBXVariantGroup;
			children = (
				AADF60E02006FE5B00B6F705 /* Base */,
			);
			name = LaunchScreen.storyboard;
			sourceTree = "<group>";
		};
/* End PBXVariantGroup section */

/* Begin XCBuildConfiguration section */
		AADF60E52006FE5B00B6F705 /* Debug */ = {
			isa = XCBuildConfiguration;
			buildSettings = {
				ALWAYS_SEARCH_USER_PATHS = NO;
				CLANG_ANALYZER_NONNULL = YES;
				CLANG_ANALYZER_NUMBER_OBJECT_CONVERSION = YES_AGGRESSIVE;
				CLANG_CXX_LANGUAGE_STANDARD = "gnu++14";
				CLANG_CXX_LIBRARY = "libc++";
				CLANG_ENABLE_MODULES = YES;
				CLANG_ENABLE_OBJC_ARC = YES;
				CLANG_WARN_BLOCK_CAPTURE_AUTORELEASING = YES;
				CLANG_WARN_BOOL_CONVERSION = YES;
				CLANG_WARN_COMMA = YES;
				CLANG_WARN_CONSTANT_CONVERSION = YES;
				CLANG_WARN_DIRECT_OBJC_ISA_USAGE = YES_ERROR;
				CLANG_WARN_DOCUMENTATION_COMMENTS = YES;
				CLANG_WARN_EMPTY_BODY = YES;
				CLANG_WARN_ENUM_CONVERSION = YES;
				CLANG_WARN_INFINITE_RECURSION = YES;
				CLANG_WARN_INT_CONVERSION = YES;
				CLANG_WARN_NON_LITERAL_NULL_CONVERSION = YES;
				CLANG_WARN_OBJC_LITERAL_CONVERSION = YES;
				CLANG_WARN_OBJC_ROOT_CLASS = YES_ERROR;
				CLANG_WARN_RANGE_LOOP_ANALYSIS = YES;
				CLANG_WARN_STRICT_PROTOTYPES = YES;
				CLANG_WARN_SUSPICIOUS_MOVE = YES;
				CLANG_WARN_UNGUARDED_AVAILABILITY = YES_AGGRESSIVE;
				CLANG_WARN_UNREACHABLE_CODE = YES;
				CLANG_WARN__DUPLICATE_METHOD_MATCH = YES;
				CODE_SIGN_IDENTITY = "iPhone Developer";
				COPY_PHASE_STRIP = NO;
				DEBUG_INFORMATION_FORMAT = dwarf;
				ENABLE_STRICT_OBJC_MSGSEND = YES;
				ENABLE_TESTABILITY = YES;
				GCC_C_LANGUAGE_STANDARD = gnu11;
				GCC_DYNAMIC_NO_PIC = NO;
				GCC_NO_COMMON_BLOCKS = YES;
				GCC_OPTIMIZATION_LEVEL = 0;
				GCC_PREPROCESSOR_DEFINITIONS = (
					"DEBUG=1",
					"$(inherited)",
				);
				GCC_WARN_64_TO_32_BIT_CONVERSION = YES;
				GCC_WARN_ABOUT_RETURN_TYPE = YES_ERROR;
				GCC_WARN_UNDECLARED_SELECTOR = YES;
				GCC_WARN_UNINITIALIZED_AUTOS = YES_AGGRESSIVE;
				GCC_WARN_UNUSED_FUNCTION = YES;
				GCC_WARN_UNUSED_VARIABLE = YES;
				IPHONEOS_DEPLOYMENT_TARGET = 11.2;
				MTL_ENABLE_DEBUG_INFO = YES;
				ONLY_ACTIVE_ARCH = YES;
				SDKROOT = iphoneos;
			};
			name = Debug;
		};
		AADF60E62006FE5B00B6F705 /* Release */ = {
			isa = XCBuildConfiguration;
			buildSettings = {
				ALWAYS_SEARCH_USER_PATHS = NO;
				CLANG_ANALYZER_NONNULL = YES;
				CLANG_ANALYZER_NUMBER_OBJECT_CONVERSION = YES_AGGRESSIVE;
				CLANG_CXX_LANGUAGE_STANDARD = "gnu++14";
				CLANG_CXX_LIBRARY = "libc++";
				CLANG_ENABLE_MODULES = YES;
				CLANG_ENABLE_OBJC_ARC = YES;
				CLANG_WARN_BLOCK_CAPTURE_AUTORELEASING = YES;
				CLANG_WARN_BOOL_CONVERSION = YES;
				CLANG_WARN_COMMA = YES;
				CLANG_WARN_CONSTANT_CONVERSION = YES;
				CLANG_WARN_DIRECT_OBJC_ISA_USAGE = YES_ERROR;
				CLANG_WARN_DOCUMENTATION_COMMENTS = YES;
				CLANG_WARN_EMPTY_BODY = YES;
				CLANG_WARN_ENUM_CONVERSION = YES;
				CLANG_WARN_INFINITE_RECURSION = YES;
				CLANG_WARN_INT_CONVERSION = YES;
				CLANG_WARN_NON_LITERAL_NULL_CONVERSION = YES;
				CLANG_WARN_OBJC_LITERAL_CONVERSION = YES;
				CLANG_WARN_OBJC_ROOT_CLASS = YES_ERROR;
				CLANG_WARN_RANGE_LOOP_ANALYSIS = YES;
				CLANG_WARN_STRICT_PROTOTYPES = YES;
				CLANG_WARN_SUSPICIOUS_MOVE = YES;
				CLANG_WARN_UNGUARDED_AVAILABILITY = YES_AGGRESSIVE;
				CLANG_WARN_UNREACHABLE_CODE = YES;
				CLANG_WARN__DUPLICATE_METHOD_MATCH = YES;
				CODE_SIGN_IDENTITY = "iPhone Developer";
				COPY_PHASE_STRIP = NO;
				DEBUG_INFORMATION_FORMAT = "dwarf-with-dsym";
				ENABLE_NS_ASSERTIONS = NO;
				ENABLE_STRICT_OBJC_MSGSEND = YES;
				GCC_C_LANGUAGE_STANDARD = gnu11;
				GCC_NO_COMMON_BLOCKS = YES;
				GCC_WARN_64_TO_32_BIT_CONVERSION = YES;
				GCC_WARN_ABOUT_RETURN_TYPE = YES_ERROR;
				GCC_WARN_UNDECLARED_SELECTOR = YES;
				GCC_WARN_UNINITIALIZED_AUTOS = YES_AGGRESSIVE;
				GCC_WARN_UNUSED_FUNCTION = YES;
				GCC_WARN_UNUSED_VARIABLE = YES;
				IPHONEOS_DEPLOYMENT_TARGET = 11.2;
				MTL_ENABLE_DEBUG_INFO = NO;
				SDKROOT = iphoneos;
				VALIDATE_PRODUCT = YES;
			};
			name = Release;
		};
		AADF60E82006FE5B00B6F705 /* Debug */ = {
			isa = XCBuildConfiguration;
			buildSettings = {
				ASSETCATALOG_COMPILER_APPICON_NAME = AppIcon;
				CODE_SIGN_STYLE = Automatic;
				DEVELOPMENT_TEAM = 8XH63VCP26;
				INFOPLIST_FILE = "$(SRCROOT)/Effective Objective-C/Supporting Files/Info.plist";
				LD_RUNPATH_SEARCH_PATHS = "$(inherited) @executable_path/Frameworks";
				PRODUCT_BUNDLE_IDENTIFIER = "wangweihu.Effective-Objective-C";
				PRODUCT_NAME = "$(TARGET_NAME)";
				TARGETED_DEVICE_FAMILY = "1,2";
			};
			name = Debug;
		};
		AADF60E92006FE5B00B6F705 /* Release */ = {
			isa = XCBuildConfiguration;
			buildSettings = {
				ASSETCATALOG_COMPILER_APPICON_NAME = AppIcon;
				CODE_SIGN_STYLE = Automatic;
				DEVELOPMENT_TEAM = 8XH63VCP26;
				INFOPLIST_FILE = "$(SRCROOT)/Effective Objective-C/Supporting Files/Info.plist";
				LD_RUNPATH_SEARCH_PATHS = "$(inherited) @executable_path/Frameworks";
				PRODUCT_BUNDLE_IDENTIFIER = "wangweihu.Effective-Objective-C";
				PRODUCT_NAME = "$(TARGET_NAME)";
				TARGETED_DEVICE_FAMILY = "1,2";
			};
			name = Release;
		};
/* End XCBuildConfiguration section */

/* Begin XCConfigurationList section */
		AADF60CC2006FE5B00B6F705 /* Build configuration list for PBXProject "Effective Objective-C" */ = {
			isa = XCConfigurationList;
			buildConfigurations = (
				AADF60E52006FE5B00B6F705 /* Debug */,
				AADF60E62006FE5B00B6F705 /* Release */,
			);
			defaultConfigurationIsVisible = 0;
			defaultConfigurationName = Release;
		};
		AADF60E72006FE5B00B6F705 /* Build configuration list for PBXNativeTarget "Effective Objective-C" */ = {
			isa = XCConfigurationList;
			buildConfigurations = (
				AADF60E82006FE5B00B6F705 /* Debug */,
				AADF60E92006FE5B00B6F705 /* Release */,
			);
			defaultConfigurationIsVisible = 0;
			defaultConfigurationName = Release;
		};
/* End XCConfigurationList section */
	};
	rootObject = AADF60C92006FE5B00B6F705 /* Project object */;
}
