// !$*UTF8*$!
{
	archiveVersion = 1;
	classes = {
	};
	objectVersion = 46;
	objects = {

/* Begin PBXBuildFile section */
		AA991E761F7F3BCA0045E58A /* main.m in Sources */ = {isa = PBXBuildFile; fileRef = AA991E751F7F3BCA0045E58A /* main.m */; };
		AA991E791F7F3BCA0045E58A /* AppDelegate.m in Sources */ = {isa = PBXBuildFile; fileRef = AA991E781F7F3BCA0045E58A /* AppDelegate.m */; };
		AA991E7C1F7F3BCA0045E58A /* ViewController.m in Sources */ = {isa = PBXBuildFile; fileRef = AA991E7B1F7F3BCA0045E58A /* ViewController.m */; };
		AA991E7F1F7F3BCA0045E58A /* Main.storyboard in Resources */ = {isa = PBXBuildFile; fileRef = AA991E7D1F7F3BCA0045E58A /* Main.storyboard */; };
		AA991E811F7F3BCA0045E58A /* Assets.xcassets in Resources */ = {isa = PBXBuildFile; fileRef = AA991E801F7F3BCA0045E58A /* Assets.xcassets */; };
		AA991E841F7F3BCA0045E58A /* LaunchScreen.storyboard in Resources */ = {isa = PBXBuildFile; fileRef = AA991E821F7F3BCA0045E58A /* LaunchScreen.storyboard */; };
		AA991EA61F7F3BDE0045E58A /* Info.plist in Resources */ = {isa = PBXBuildFile; fileRef = AA991E8C1F7F3BDE0045E58A /* Info.plist */; };
		AA991EA71F7F3BDE0045E58A /* MASCompositeConstraint.m in Sources */ = {isa = PBXBuildFile; fileRef = AA991E8E1F7F3BDE0045E58A /* MASCompositeConstraint.m */; };
		AA991EA81F7F3BDE0045E58A /* MASConstraint.m in Sources */ = {isa = PBXBuildFile; fileRef = AA991E911F7F3BDE0045E58A /* MASConstraint.m */; };
		AA991EA91F7F3BDE0045E58A /* MASConstraintMaker.m in Sources */ = {isa = PBXBuildFile; fileRef = AA991E931F7F3BDE0045E58A /* MASConstraintMaker.m */; };
		AA991EAA1F7F3BDE0045E58A /* MASLayoutConstraint.m in Sources */ = {isa = PBXBuildFile; fileRef = AA991E951F7F3BDE0045E58A /* MASLayoutConstraint.m */; };
		AA991EAB1F7F3BDE0045E58A /* MASViewAttribute.m in Sources */ = {isa = PBXBuildFile; fileRef = AA991E991F7F3BDE0045E58A /* MASViewAttribute.m */; };
		AA991EAC1F7F3BDE0045E58A /* MASViewConstraint.m in Sources */ = {isa = PBXBuildFile; fileRef = AA991E9B1F7F3BDE0045E58A /* MASViewConstraint.m */; };
		AA991EAD1F7F3BDE0045E58A /* NSArray+MASAdditions.m in Sources */ = {isa = PBXBuildFile; fileRef = AA991E9D1F7F3BDE0045E58A /* NSArray+MASAdditions.m */; };
		AA991EAE1F7F3BDE0045E58A /* NSLayoutConstraint+MASDebugAdditions.m in Sources */ = {isa = PBXBuildFile; fileRef = AA991EA01F7F3BDE0045E58A /* NSLayoutConstraint+MASDebugAdditions.m */; };
		AA991EAF1F7F3BDE0045E58A /* View+MASAdditions.m in Sources */ = {isa = PBXBuildFile; fileRef = AA991EA21F7F3BDE0045E58A /* View+MASAdditions.m */; };
		AA991EB01F7F3BDE0045E58A /* ViewController+MASAdditions.m in Sources */ = {isa = PBXBuildFile; fileRef = AA991EA51F7F3BDE0045E58A /* ViewController+MASAdditions.m */; };
		AAD79DD41F7F614800458E09 /* CalculateMaker.m in Sources */ = {isa = PBXBuildFile; fileRef = AAD79DD31F7F614800458E09 /* CalculateMaker.m */; };
		AAD79DD71F7F616000458E09 /* NSObject+Calculate.m in Sources */ = {isa = PBXBuildFile; fileRef = AAD79DD61F7F616000458E09 /* NSObject+Calculate.m */; };
		AAD79DDE1F7F6DB700458E09 /* Person.m in Sources */ = {isa = PBXBuildFile; fileRef = AAD79DDD1F7F6DB700458E09 /* Person.m */; };
		AAD79DE11F7F6F3300458E09 /* WWHKVONotifying_Person.m in Sources */ = {isa = PBXBuildFile; fileRef = AAD79DE01F7F6F3300458E09 /* WWHKVONotifying_Person.m */; };
		AAD79DE71F7F704600458E09 /* NSObject+KVO.m in Sources */ = {isa = PBXBuildFile; fileRef = AAD79DE61F7F704600458E09 /* NSObject+KVO.m */; };
/* End PBXBuildFile section */

/* Begin PBXFileReference section */
		AA991E711F7F3BCA0045E58A /* MasonryDemo.app */ = {isa = PBXFileReference; explicitFileType = wrapper.application; includeInIndex = 0; path = MasonryDemo.app; sourceTree = BUILT_PRODUCTS_DIR; };
		AA991E751F7F3BCA0045E58A /* main.m */ = {isa = PBXFileReference; lastKnownFileType = sourcecode.c.objc; path = main.m; sourceTree = "<group>"; };
		AA991E771F7F3BCA0045E58A /* AppDelegate.h */ = {isa = PBXFileReference; lastKnownFileType = sourcecode.c.h; path = AppDelegate.h; sourceTree = "<group>"; };
		AA991E781F7F3BCA0045E58A /* AppDelegate.m */ = {isa = PBXFileReference; lastKnownFileType = sourcecode.c.objc; path = AppDelegate.m; sourceTree = "<group>"; };
		AA991E7A1F7F3BCA0045E58A /* ViewController.h */ = {isa = PBXFileReference; lastKnownFileType = sourcecode.c.h; path = ViewController.h; sourceTree = "<group>"; };
		AA991E7B1F7F3BCA0045E58A /* ViewController.m */ = {isa = PBXFileReference; lastKnownFileType = sourcecode.c.objc; path = ViewController.m; sourceTree = "<group>"; };
		AA991E7E1F7F3BCA0045E58A /* Base */ = {isa = PBXFileReference; lastKnownFileType = file.storyboard; name = Base; path = Base.lproj/Main.storyboard; sourceTree = "<group>"; };
		AA991E801F7F3BCA0045E58A /* Assets.xcassets */ = {isa = PBXFileReference; lastKnownFileType = folder.assetcatalog; path = Assets.xcassets; sourceTree = "<group>"; };
		AA991E831F7F3BCA0045E58A /* Base */ = {isa = PBXFileReference; lastKnownFileType = file.storyboard; name = Base; path = Base.lproj/LaunchScreen.storyboard; sourceTree = "<group>"; };
		AA991E851F7F3BCA0045E58A /* Info.plist */ = {isa = PBXFileReference; lastKnownFileType = text.plist.xml; path = Info.plist; sourceTree = "<group>"; };
		AA991E8C1F7F3BDE0045E58A /* Info.plist */ = {isa = PBXFileReference; fileEncoding = 4; lastKnownFileType = text.plist.xml; path = Info.plist; sourceTree = "<group>"; };
		AA991E8D1F7F3BDE0045E58A /* MASCompositeConstraint.h */ = {isa = PBXFileReference; fileEncoding = 4; lastKnownFileType = sourcecode.c.h; path = MASCompositeConstraint.h; sourceTree = "<group>"; };
		AA991E8E1F7F3BDE0045E58A /* MASCompositeConstraint.m */ = {isa = PBXFileReference; fileEncoding = 4; lastKnownFileType = sourcecode.c.objc; path = MASCompositeConstraint.m; sourceTree = "<group>"; };
		AA991E8F1F7F3BDE0045E58A /* MASConstraint+Private.h */ = {isa = PBXFileReference; fileEncoding = 4; lastKnownFileType = sourcecode.c.h; path = "MASConstraint+Private.h"; sourceTree = "<group>"; };
		AA991E901F7F3BDE0045E58A /* MASConstraint.h */ = {isa = PBXFileReference; fileEncoding = 4; lastKnownFileType = sourcecode.c.h; path = MASConstraint.h; sourceTree = "<group>"; };
		AA991E911F7F3BDE0045E58A /* MASConstraint.m */ = {isa = PBXFileReference; fileEncoding = 4; lastKnownFileType = sourcecode.c.objc; path = MASConstraint.m; sourceTree = "<group>"; };
		AA991E921F7F3BDE0045E58A /* MASConstraintMaker.h */ = {isa = PBXFileReference; fileEncoding = 4; lastKnownFileType = sourcecode.c.h; path = MASConstraintMaker.h; sourceTree = "<group>"; };
		AA991E931F7F3BDE0045E58A /* MASConstraintMaker.m */ = {isa = PBXFileReference; fileEncoding = 4; lastKnownFileType = sourcecode.c.objc; path = MASConstraintMaker.m; sourceTree = "<group>"; };
		AA991E941F7F3BDE0045E58A /* MASLayoutConstraint.h */ = {isa = PBXFileReference; fileEncoding = 4; lastKnownFileType = sourcecode.c.h; path = MASLayoutConstraint.h; sourceTree = "<group>"; };
		AA991E951F7F3BDE0045E58A /* MASLayoutConstraint.m */ = {isa = PBXFileReference; fileEncoding = 4; lastKnownFileType = sourcecode.c.objc; path = MASLayoutConstraint.m; sourceTree = "<group>"; };
		AA991E961F7F3BDE0045E58A /* Masonry.h */ = {isa = PBXFileReference; fileEncoding = 4; lastKnownFileType = sourcecode.c.h; path = Masonry.h; sourceTree = "<group>"; };
		AA991E971F7F3BDE0045E58A /* MASUtilities.h */ = {isa = PBXFileReference; fileEncoding = 4; lastKnownFileType = sourcecode.c.h; path = MASUtilities.h; sourceTree = "<group>"; };
		AA991E981F7F3BDE0045E58A /* MASViewAttribute.h */ = {isa = PBXFileReference; fileEncoding = 4; lastKnownFileType = sourcecode.c.h; path = MASViewAttribute.h; sourceTree = "<group>"; };
		AA991E991F7F3BDE0045E58A /* MASViewAttribute.m */ = {isa = PBXFileReference; fileEncoding = 4; lastKnownFileType = sourcecode.c.objc; path = MASViewAttribute.m; sourceTree = "<group>"; };
		AA991E9A1F7F3BDE0045E58A /* MASViewConstraint.h */ = {isa = PBXFileReference; fileEncoding = 4; lastKnownFileType = sourcecode.c.h; path = MASViewConstraint.h; sourceTree = "<group>"; };
		AA991E9B1F7F3BDE0045E58A /* MASViewConstraint.m */ = {isa = PBXFileReference; fileEncoding = 4; lastKnownFileType = sourcecode.c.objc; path = MASViewConstraint.m; sourceTree = "<group>"; };
		AA991E9C1F7F3BDE0045E58A /* NSArray+MASAdditions.h */ = {isa = PBXFileReference; fileEncoding = 4; lastKnownFileType = sourcecode.c.h; path = "NSArray+MASAdditions.h"; sourceTree = "<group>"; };
		AA991E9D1F7F3BDE0045E58A /* NSArray+MASAdditions.m */ = {isa = PBXFileReference; fileEncoding = 4; lastKnownFileType = sourcecode.c.objc; path = "NSArray+MASAdditions.m"; sourceTree = "<group>"; };
		AA991E9E1F7F3BDE0045E58A /* NSArray+MASShorthandAdditions.h */ = {isa = PBXFileReference; fileEncoding = 4; lastKnownFileType = sourcecode.c.h; path = "NSArray+MASShorthandAdditions.h"; sourceTree = "<group>"; };
		AA991E9F1F7F3BDE0045E58A /* NSLayoutConstraint+MASDebugAdditions.h */ = {isa = PBXFileReference; fileEncoding = 4; lastKnownFileType = sourcecode.c.h; path = "NSLayoutConstraint+MASDebugAdditions.h"; sourceTree = "<group>"; };
		AA991EA01F7F3BDE0045E58A /* NSLayoutConstraint+MASDebugAdditions.m */ = {isa = PBXFileReference; fileEncoding = 4; lastKnownFileType = sourcecode.c.objc; path = "NSLayoutConstraint+MASDebugAdditions.m"; sourceTree = "<group>"; };
		AA991EA11F7F3BDE0045E58A /* View+MASAdditions.h */ = {isa = PBXFileReference; fileEncoding = 4; lastKnownFileType = sourcecode.c.h; path = "View+MASAdditions.h"; sourceTree = "<group>"; };
		AA991EA21F7F3BDE0045E58A /* View+MASAdditions.m */ = {isa = PBXFileReference; fileEncoding = 4; lastKnownFileType = sourcecode.c.objc; path = "View+MASAdditions.m"; sourceTree = "<group>"; };
		AA991EA31F7F3BDE0045E58A /* View+MASShorthandAdditions.h */ = {isa = PBXFileReference; fileEncoding = 4; lastKnownFileType = sourcecode.c.h; path = "View+MASShorthandAdditions.h"; sourceTree = "<group>"; };
		AA991EA41F7F3BDE0045E58A /* ViewController+MASAdditions.h */ = {isa = PBXFileReference; fileEncoding = 4; lastKnownFileType = sourcecode.c.h; path = "ViewController+MASAdditions.h"; sourceTree = "<group>"; };
		AA991EA51F7F3BDE0045E58A /* ViewController+MASAdditions.m */ = {isa = PBXFileReference; fileEncoding = 4; lastKnownFileType = sourcecode.c.objc; path = "ViewController+MASAdditions.m"; sourceTree = "<group>"; };
		AAD79DD21F7F614800458E09 /* CalculateMaker.h */ = {isa = PBXFileReference; fileEncoding = 4; lastKnownFileType = sourcecode.c.h; path = CalculateMaker.h; sourceTree = "<group>"; };
		AAD79DD31F7F614800458E09 /* CalculateMaker.m */ = {isa = PBXFileReference; fileEncoding = 4; lastKnownFileType = sourcecode.c.objc; path = CalculateMaker.m; sourceTree = "<group>"; };
		AAD79DD51F7F616000458E09 /* NSObject+Calculate.h */ = {isa = PBXFileReference; fileEncoding = 4; lastKnownFileType = sourcecode.c.h; path = "NSObject+Calculate.h"; sourceTree = "<group>"; };
		AAD79DD61F7F616000458E09 /* NSObject+Calculate.m */ = {isa = PBXFileReference; fileEncoding = 4; lastKnownFileType = sourcecode.c.objc; path = "NSObject+Calculate.m"; sourceTree = "<group>"; };
		AAD79DDC1F7F6DB700458E09 /* Person.h */ = {isa = PBXFileReference; fileEncoding = 4; lastKnownFileType = sourcecode.c.h; path = Person.h; sourceTree = "<group>"; };
		AAD79DDD1F7F6DB700458E09 /* Person.m */ = {isa = PBXFileReference; fileEncoding = 4; lastKnownFileType = sourcecode.c.objc; path = Person.m; sourceTree = "<group>"; };
		AAD79DDF1F7F6F3300458E09 /* WWHKVONotifying_Person.h */ = {isa = PBXFileReference; fileEncoding = 4; lastKnownFileType = sourcecode.c.h; path = WWHKVONotifying_Person.h; sourceTree = "<group>"; };
		AAD79DE01F7F6F3300458E09 /* WWHKVONotifying_Person.m */ = {isa = PBXFileReference; fileEncoding = 4; lastKnownFileType = sourcecode.c.objc; path = WWHKVONotifying_Person.m; sourceTree = "<group>"; };
		AAD79DE51F7F704600458E09 /* NSObject+KVO.h */ = {isa = PBXFileReference; fileEncoding = 4; lastKnownFileType = sourcecode.c.h; path = "NSObject+KVO.h"; sourceTree = "<group>"; };
		AAD79DE61F7F704600458E09 /* NSObject+KVO.m */ = {isa = PBXFileReference; fileEncoding = 4; lastKnownFileType = sourcecode.c.objc; path = "NSObject+KVO.m"; sourceTree = "<group>"; };
/* End PBXFileReference section */

/* Begin PBXFrameworksBuildPhase section */
		AA991E6E1F7F3BCA0045E58A /* Frameworks */ = {
			isa = PBXFrameworksBuildPhase;
			buildActionMask = 2147483647;
			files = (
			);
			runOnlyForDeploymentPostprocessing = 0;
		};
/* End PBXFrameworksBuildPhase section */

/* Begin PBXGroup section */
		AA991E681F7F3BCA0045E58A = {
			isa = PBXGroup;
			children = (
				AA991E731F7F3BCA0045E58A /* MasonryDemo */,
				AA991E721F7F3BCA0045E58A /* Products */,
			);
			sourceTree = "<group>";
		};
		AA991E721F7F3BCA0045E58A /* Products */ = {
			isa = PBXGroup;
			children = (
				AA991E711F7F3BCA0045E58A /* MasonryDemo.app */,
			);
			name = Products;
			sourceTree = "<group>";
		};
		AA991E731F7F3BCA0045E58A /* MasonryDemo */ = {
			isa = PBXGroup;
			children = (
				AAD79DD81F7F6D6D00458E09 /* KVO */,
				AAD79DD11F7F612F00458E09 /* CalculateMaker */,
				AA991E8B1F7F3BDE0045E58A /* Masonry */,
				AA991E771F7F3BCA0045E58A /* AppDelegate.h */,
				AA991E781F7F3BCA0045E58A /* AppDelegate.m */,
				AA991E7A1F7F3BCA0045E58A /* ViewController.h */,
				AA991E7B1F7F3BCA0045E58A /* ViewController.m */,
				AA991E741F7F3BCA0045E58A /* Supporting Files */,
			);
			path = MasonryDemo;
			sourceTree = "<group>";
		};
		AA991E741F7F3BCA0045E58A /* Supporting Files */ = {
			isa = PBXGroup;
			children = (
				AA991E7D1F7F3BCA0045E58A /* Main.storyboard */,
				AA991E801F7F3BCA0045E58A /* Assets.xcassets */,
				AA991E821F7F3BCA0045E58A /* LaunchScreen.storyboard */,
				AA991E851F7F3BCA0045E58A /* Info.plist */,
				AA991E751F7F3BCA0045E58A /* main.m */,
			);
			name = "Supporting Files";
			sourceTree = "<group>";
		};
		AA991E8B1F7F3BDE0045E58A /* Masonry */ = {
			isa = PBXGroup;
			children = (
				AA991E8C1F7F3BDE0045E58A /* Info.plist */,
				AA991E8D1F7F3BDE0045E58A /* MASCompositeConstraint.h */,
				AA991E8E1F7F3BDE0045E58A /* MASCompositeConstraint.m */,
				AA991E8F1F7F3BDE0045E58A /* MASConstraint+Private.h */,
				AA991E901F7F3BDE0045E58A /* MASConstraint.h */,
				AA991E911F7F3BDE0045E58A /* MASConstraint.m */,
				AA991E921F7F3BDE0045E58A /* MASConstraintMaker.h */,
				AA991E931F7F3BDE0045E58A /* MASConstraintMaker.m */,
				AA991E941F7F3BDE0045E58A /* MASLayoutConstraint.h */,
				AA991E951F7F3BDE0045E58A /* MASLayoutConstraint.m */,
				AA991E961F7F3BDE0045E58A /* Masonry.h */,
				AA991E971F7F3BDE0045E58A /* MASUtilities.h */,
				AA991E981F7F3BDE0045E58A /* MASViewAttribute.h */,
				AA991E991F7F3BDE0045E58A /* MASViewAttribute.m */,
				AA991E9A1F7F3BDE0045E58A /* MASViewConstraint.h */,
				AA991E9B1F7F3BDE0045E58A /* MASViewConstraint.m */,
				AA991E9C1F7F3BDE0045E58A /* NSArray+MASAdditions.h */,
				AA991E9D1F7F3BDE0045E58A /* NSArray+MASAdditions.m */,
				AA991E9E1F7F3BDE0045E58A /* NSArray+MASShorthandAdditions.h */,
				AA991E9F1F7F3BDE0045E58A /* NSLayoutConstraint+MASDebugAdditions.h */,
				AA991EA01F7F3BDE0045E58A /* NSLayoutConstraint+MASDebugAdditions.m */,
				AA991EA11F7F3BDE0045E58A /* View+MASAdditions.h */,
				AA991EA21F7F3BDE0045E58A /* View+MASAdditions.m */,
				AA991EA31F7F3BDE0045E58A /* View+MASShorthandAdditions.h */,
				AA991EA41F7F3BDE0045E58A /* ViewController+MASAdditions.h */,
				AA991EA51F7F3BDE0045E58A /* ViewController+MASAdditions.m */,
			);
			path = Masonry;
			sourceTree = "<group>";
		};
		AAD79DD11F7F612F00458E09 /* CalculateMaker */ = {
			isa = PBXGroup;
			children = (
				AAD79DD51F7F616000458E09 /* NSObject+Calculate.h */,
				AAD79DD61F7F616000458E09 /* NSObject+Calculate.m */,
				AAD79DD21F7F614800458E09 /* CalculateMaker.h */,
				AAD79DD31F7F614800458E09 /* CalculateMaker.m */,
			);
			path = CalculateMaker;
			sourceTree = "<group>";
		};
		AAD79DD81F7F6D6D00458E09 /* KVO */ = {
			isa = PBXGroup;
			children = (
				AAD79DE51F7F704600458E09 /* NSObject+KVO.h */,
				AAD79DE61F7F704600458E09 /* NSObject+KVO.m */,
				AAD79DDC1F7F6DB700458E09 /* Person.h */,
				AAD79DDD1F7F6DB700458E09 /* Person.m */,
				AAD79DDF1F7F6F3300458E09 /* WWHKVONotifying_Person.h */,
				AAD79DE01F7F6F3300458E09 /* WWHKVONotifying_Person.m */,
			);
			path = KVO;
			sourceTree = "<group>";
		};
/* End PBXGroup section */

/* Begin PBXNativeTarget section */
		AA991E701F7F3BCA0045E58A /* MasonryDemo */ = {
			isa = PBXNativeTarget;
			buildConfigurationList = AA991E881F7F3BCA0045E58A /* Build configuration list for PBXNativeTarget "MasonryDemo" */;
			buildPhases = (
				AA991E6D1F7F3BCA0045E58A /* Sources */,
				AA991E6E1F7F3BCA0045E58A /* Frameworks */,
				AA991E6F1F7F3BCA0045E58A /* Resources */,
			);
			buildRules = (
			);
			dependencies = (
			);
			name = MasonryDemo;
			productName = MasonryDemo;
			productReference = AA991E711F7F3BCA0045E58A /* MasonryDemo.app */;
			productType = "com.apple.product-type.application";
		};
/* End PBXNativeTarget section */

/* Begin PBXProject section */
		AA991E691F7F3BCA0045E58A /* Project object */ = {
			isa = PBXProject;
			attributes = {
				LastUpgradeCheck = 0830;
				ORGANIZATIONNAME = wwh;
				TargetAttributes = {
					AA991E701F7F3BCA0045E58A = {
						CreatedOnToolsVersion = 8.3.3;
						DevelopmentTeam = 8XH63VCP26;
						ProvisioningStyle = Automatic;
					};
				};
			};
			buildConfigurationList = AA991E6C1F7F3BCA0045E58A /* Build configuration list for PBXProject "MasonryDemo" */;
			compatibilityVersion = "Xcode 3.2";
			developmentRegion = English;
			hasScannedForEncodings = 0;
			knownRegions = (
				en,
				Base,
			);
			mainGroup = AA991E681F7F3BCA0045E58A;
			productRefGroup = AA991E721F7F3BCA0045E58A /* Products */;
			projectDirPath = "";
			projectRoot = "";
			targets = (
				AA991E701F7F3BCA0045E58A /* MasonryDemo */,
			);
		};
/* End PBXProject section */

/* Begin PBXResourcesBuildPhase section */
		AA991E6F1F7F3BCA0045E58A /* Resources */ = {
			isa = PBXResourcesBuildPhase;
			buildActionMask = 2147483647;
			files = (
				AA991EA61F7F3BDE0045E58A /* Info.plist in Resources */,
				AA991E841F7F3BCA0045E58A /* LaunchScreen.storyboard in Resources */,
				AA991E811F7F3BCA0045E58A /* Assets.xcassets in Resources */,
				AA991E7F1F7F3BCA0045E58A /* Main.storyboard in Resources */,
			);
			runOnlyForDeploymentPostprocessing = 0;
		};
/* End PBXResourcesBuildPhase section */

/* Begin PBXSourcesBuildPhase section */
		AA991E6D1F7F3BCA0045E58A /* Sources */ = {
			isa = PBXSourcesBuildPhase;
			buildActionMask = 2147483647;
			files = (
				AA991EAE1F7F3BDE0045E58A /* NSLayoutConstraint+MASDebugAdditions.m in Sources */,
				AA991EAC1F7F3BDE0045E58A /* MASViewConstraint.m in Sources */,
				AA991EA71F7F3BDE0045E58A /* MASCompositeConstraint.m in Sources */,
				AA991EAD1F7F3BDE0045E58A /* NSArray+MASAdditions.m in Sources */,
				AAD79DDE1F7F6DB700458E09 /* Person.m in Sources */,
				AAD79DD71F7F616000458E09 /* NSObject+Calculate.m in Sources */,
				AA991E7C1F7F3BCA0045E58A /* ViewController.m in Sources */,
				AAD79DD41F7F614800458E09 /* CalculateMaker.m in Sources */,
				AA991E791F7F3BCA0045E58A /* AppDelegate.m in Sources */,
				AAD79DE71F7F704600458E09 /* NSObject+KVO.m in Sources */,
				AA991EAA1F7F3BDE0045E58A /* MASLayoutConstraint.m in Sources */,
				AA991E761F7F3BCA0045E58A /* main.m in Sources */,
				AA991EB01F7F3BDE0045E58A /* ViewController+MASAdditions.m in Sources */,
				AA991EAF1F7F3BDE0045E58A /* View+MASAdditions.m in Sources */,
				AA991EAB1F7F3BDE0045E58A /* MASViewAttribute.m in Sources */,
				AAD79DE11F7F6F3300458E09 /* WWHKVONotifying_Person.m in Sources */,
				AA991EA81F7F3BDE0045E58A /* MASConstraint.m in Sources */,
				AA991EA91F7F3BDE0045E58A /* MASConstraintMaker.m in Sources */,
			);
			runOnlyForDeploymentPostprocessing = 0;
		};
/* End PBXSourcesBuildPhase section */

/* Begin PBXVariantGroup section */
		AA991E7D1F7F3BCA0045E58A /* Main.storyboard */ = {
			isa = PBXVariantGroup;
			children = (
				AA991E7E1F7F3BCA0045E58A /* Base */,
			);
			name = Main.storyboard;
			sourceTree = "<group>";
		};
		AA991E821F7F3BCA0045E58A /* LaunchScreen.storyboard */ = {
			isa = PBXVariantGroup;
			children = (
				AA991E831F7F3BCA0045E58A /* Base */,
			);
			name = LaunchScreen.storyboard;
			sourceTree = "<group>";
		};
/* End PBXVariantGroup section */

/* Begin XCBuildConfiguration section */
		AA991E861F7F3BCA0045E58A /* Debug */ = {
			isa = XCBuildConfiguration;
			buildSettings = {
				ALWAYS_SEARCH_USER_PATHS = NO;
				CLANG_ANALYZER_NONNULL = YES;
				CLANG_ANALYZER_NUMBER_OBJECT_CONVERSION = YES_AGGRESSIVE;
				CLANG_CXX_LANGUAGE_STANDARD = "gnu++0x";
				CLANG_CXX_LIBRARY = "libc++";
				CLANG_ENABLE_MODULES = YES;
				CLANG_ENABLE_OBJC_ARC = YES;
				CLANG_WARN_BOOL_CONVERSION = YES;
				CLANG_WARN_CONSTANT_CONVERSION = YES;
				CLANG_WARN_DIRECT_OBJC_ISA_USAGE = YES_ERROR;
				CLANG_WARN_DOCUMENTATION_COMMENTS = YES;
				CLANG_WARN_EMPTY_BODY = YES;
				CLANG_WARN_ENUM_CONVERSION = YES;
				CLANG_WARN_INFINITE_RECURSION = YES;
				CLANG_WARN_INT_CONVERSION = YES;
				CLANG_WARN_OBJC_ROOT_CLASS = YES_ERROR;
				CLANG_WARN_SUSPICIOUS_MOVE = YES;
				CLANG_WARN_UNREACHABLE_CODE = YES;
				CLANG_WARN__DUPLICATE_METHOD_MATCH = YES;
				"CODE_SIGN_IDENTITY[sdk=iphoneos*]" = "iPhone Developer";
				COPY_PHASE_STRIP = NO;
				DEBUG_INFORMATION_FORMAT = dwarf;
				ENABLE_STRICT_OBJC_MSGSEND = YES;
				ENABLE_TESTABILITY = YES;
				GCC_C_LANGUAGE_STANDARD = gnu99;
				GCC_DYNAMIC_NO_PIC = NO;
				GCC_NO_COMMON_BLOCKS = YES;
				GCC_OPTIMIZATION_LEVEL = 0;
				GCC_PREPROCESSOR_DEFINITIONS = (
					"DEBUG=1",
					"$(inherited)",
				);
				GCC_WARN_64_TO_32_BIT_CONVERSION = YES;
				GCC_WARN_ABOUT_RETURN_TYPE = YES_ERROR;
				GCC_WARN_UNDECLARED_SELECTOR = YES;
				GCC_WARN_UNINITIALIZED_AUTOS = YES_AGGRESSIVE;
				GCC_WARN_UNUSED_FUNCTION = YES;
				GCC_WARN_UNUSED_VARIABLE = YES;
				IPHONEOS_DEPLOYMENT_TARGET = 8.0;
				MTL_ENABLE_DEBUG_INFO = YES;
				ONLY_ACTIVE_ARCH = YES;
				SDKROOT = iphoneos;
			};
			name = Debug;
		};
		AA991E871F7F3BCA0045E58A /* Release */ = {
			isa = XCBuildConfiguration;
			buildSettings = {
				ALWAYS_SEARCH_USER_PATHS = NO;
				CLANG_ANALYZER_NONNULL = YES;
				CLANG_ANALYZER_NUMBER_OBJECT_CONVERSION = YES_AGGRESSIVE;
				CLANG_CXX_LANGUAGE_STANDARD = "gnu++0x";
				CLANG_CXX_LIBRARY = "libc++";
				CLANG_ENABLE_MODULES = YES;
				CLANG_ENABLE_OBJC_ARC = YES;
				CLANG_WARN_BOOL_CONVERSION = YES;
				CLANG_WARN_CONSTANT_CONVERSION = YES;
				CLANG_WARN_DIRECT_OBJC_ISA_USAGE = YES_ERROR;
				CLANG_WARN_DOCUMENTATION_COMMENTS = YES;
				CLANG_WARN_EMPTY_BODY = YES;
				CLANG_WARN_ENUM_CONVERSION = YES;
				CLANG_WARN_INFINITE_RECURSION = YES;
				CLANG_WARN_INT_CONVERSION = YES;
				CLANG_WARN_OBJC_ROOT_CLASS = YES_ERROR;
				CLANG_WARN_SUSPICIOUS_MOVE = YES;
				CLANG_WARN_UNREACHABLE_CODE = YES;
				CLANG_WARN__DUPLICATE_METHOD_MATCH = YES;
				"CODE_SIGN_IDENTITY[sdk=iphoneos*]" = "iPhone Developer";
				COPY_PHASE_STRIP = NO;
				DEBUG_INFORMATION_FORMAT = "dwarf-with-dsym";
				ENABLE_NS_ASSERTIONS = NO;
				ENABLE_STRICT_OBJC_MSGSEND = YES;
				GCC_C_LANGUAGE_STANDARD = gnu99;
				GCC_NO_COMMON_BLOCKS = YES;
				GCC_WARN_64_TO_32_BIT_CONVERSION = YES;
				GCC_WARN_ABOUT_RETURN_TYPE = YES_ERROR;
				GCC_WARN_UNDECLARED_SELECTOR = YES;
				GCC_WARN_UNINITIALIZED_AUTOS = YES_AGGRESSIVE;
				GCC_WARN_UNUSED_FUNCTION = YES;
				GCC_WARN_UNUSED_VARIABLE = YES;
				IPHONEOS_DEPLOYMENT_TARGET = 8.0;
				MTL_ENABLE_DEBUG_INFO = NO;
				SDKROOT = iphoneos;
				VALIDATE_PRODUCT = YES;
			};
			name = Release;
		};
		AA991E891F7F3BCA0045E58A /* Debug */ = {
			isa = XCBuildConfiguration;
			buildSettings = {
				ASSETCATALOG_COMPILER_APPICON_NAME = AppIcon;
				DEVELOPMENT_TEAM = 8XH63VCP26;
				INFOPLIST_FILE = MasonryDemo/Info.plist;
				LD_RUNPATH_SEARCH_PATHS = "$(inherited) @executable_path/Frameworks";
				PRODUCT_BUNDLE_IDENTIFIER = wangweihu.MasonryDemo;
				PRODUCT_NAME = "$(TARGET_NAME)";
			};
			name = Debug;
		};
		AA991E8A1F7F3BCA0045E58A /* Release */ = {
			isa = XCBuildConfiguration;
			buildSettings = {
				ASSETCATALOG_COMPILER_APPICON_NAME = AppIcon;
				DEVELOPMENT_TEAM = 8XH63VCP26;
				INFOPLIST_FILE = MasonryDemo/Info.plist;
				LD_RUNPATH_SEARCH_PATHS = "$(inherited) @executable_path/Frameworks";
				PRODUCT_BUNDLE_IDENTIFIER = wangweihu.MasonryDemo;
				PRODUCT_NAME = "$(TARGET_NAME)";
			};
			name = Release;
		};
/* End XCBuildConfiguration section */

/* Begin XCConfigurationList section */
		AA991E6C1F7F3BCA0045E58A /* Build configuration list for PBXProject "MasonryDemo" */ = {
			isa = XCConfigurationList;
			buildConfigurations = (
				AA991E861F7F3BCA0045E58A /* Debug */,
				AA991E871F7F3BCA0045E58A /* Release */,
			);
			defaultConfigurationIsVisible = 0;
			defaultConfigurationName = Release;
		};
		AA991E881F7F3BCA0045E58A /* Build configuration list for PBXNativeTarget "MasonryDemo" */ = {
			isa = XCConfigurationList;
			buildConfigurations = (
				AA991E891F7F3BCA0045E58A /* Debug */,
				AA991E8A1F7F3BCA0045E58A /* Release */,
			);
			defaultConfigurationIsVisible = 0;
			defaultConfigurationName = Release;
		};
/* End XCConfigurationList section */
	};
	rootObject = AA991E691F7F3BCA0045E58A /* Project object */;
}
