// !$*UTF8*$!
{
	archiveVersion = 1;
	classes = {
	};
	objectVersion = 48;
	objects = {

/* Begin PBXBuildFile section */
		AA7CDD241F7FBA2800ED03E6 /* AppDelegate.m in Sources */ = {isa = PBXBuildFile; fileRef = AA7CDD231F7FBA2800ED03E6 /* AppDelegate.m */; };
		AA7CDD271F7FBA2800ED03E6 /* ViewController.m in Sources */ = {isa = PBXBuildFile; fileRef = AA7CDD261F7FBA2800ED03E6 /* ViewController.m */; };
		AA7CDD2A1F7FBA2800ED03E6 /* Main.storyboard in Resources */ = {isa = PBXBuildFile; fileRef = AA7CDD281F7FBA2800ED03E6 /* Main.storyboard */; };
		AA7CDD2C1F7FBA2800ED03E6 /* Assets.xcassets in Resources */ = {isa = PBXBuildFile; fileRef = AA7CDD2B1F7FBA2800ED03E6 /* Assets.xcassets */; };
		AA7CDD2F1F7FBA2800ED03E6 /* LaunchScreen.storyboard in Resources */ = {isa = PBXBuildFile; fileRef = AA7CDD2D1F7FBA2800ED03E6 /* LaunchScreen.storyboard */; };
		AA7CDD321F7FBA2800ED03E6 /* main.m in Sources */ = {isa = PBXBuildFile; fileRef = AA7CDD311F7FBA2800ED03E6 /* main.m */; };
		AA7CDD3A1F7FC8DE00ED03E6 /* RedView.m in Sources */ = {isa = PBXBuildFile; fileRef = AA7CDD391F7FC8DE00ED03E6 /* RedView.m */; };
		B1EC5FC66C327D88F66B2FC5 /* Pods_ReactiveCocoaDemo.framework in Frameworks */ = {isa = PBXBuildFile; fileRef = 12F9AA6F3046FA6D4E267183 /* Pods_ReactiveCocoaDemo.framework */; };
/* End PBXBuildFile section */

/* Begin PBXFileReference section */
		0F48CBEA3F964ED6C145DD75 /* Pods-ReactiveCocoaDemo.release.xcconfig */ = {isa = PBXFileReference; includeInIndex = 1; lastKnownFileType = text.xcconfig; name = "Pods-ReactiveCocoaDemo.release.xcconfig"; path = "Pods/Target Support Files/Pods-ReactiveCocoaDemo/Pods-ReactiveCocoaDemo.release.xcconfig"; sourceTree = "<group>"; };
		12F9AA6F3046FA6D4E267183 /* Pods_ReactiveCocoaDemo.framework */ = {isa = PBXFileReference; explicitFileType = wrapper.framework; includeInIndex = 0; path = Pods_ReactiveCocoaDemo.framework; sourceTree = BUILT_PRODUCTS_DIR; };
		7C5EE9EFD7A56AE700F1943B /* Pods-ReactiveCocoaDemo.debug.xcconfig */ = {isa = PBXFileReference; includeInIndex = 1; lastKnownFileType = text.xcconfig; name = "Pods-ReactiveCocoaDemo.debug.xcconfig"; path = "Pods/Target Support Files/Pods-ReactiveCocoaDemo/Pods-ReactiveCocoaDemo.debug.xcconfig"; sourceTree = "<group>"; };
		AA7CDD1F1F7FBA2800ED03E6 /* ReactiveCocoaDemo.app */ = {isa = PBXFileReference; explicitFileType = wrapper.application; includeInIndex = 0; path = ReactiveCocoaDemo.app; sourceTree = BUILT_PRODUCTS_DIR; };
		AA7CDD221F7FBA2800ED03E6 /* AppDelegate.h */ = {isa = PBXFileReference; lastKnownFileType = sourcecode.c.h; path = AppDelegate.h; sourceTree = "<group>"; };
		AA7CDD231F7FBA2800ED03E6 /* AppDelegate.m */ = {isa = PBXFileReference; lastKnownFileType = sourcecode.c.objc; path = AppDelegate.m; sourceTree = "<group>"; };
		AA7CDD251F7FBA2800ED03E6 /* ViewController.h */ = {isa = PBXFileReference; lastKnownFileType = sourcecode.c.h; path = ViewController.h; sourceTree = "<group>"; };
		AA7CDD261F7FBA2800ED03E6 /* ViewController.m */ = {isa = PBXFileReference; lastKnownFileType = sourcecode.c.objc; path = ViewController.m; sourceTree = "<group>"; };
		AA7CDD291F7FBA2800ED03E6 /* Base */ = {isa = PBXFileReference; lastKnownFileType = file.storyboard; name = Base; path = Base.lproj/Main.storyboard; sourceTree = "<group>"; };
		AA7CDD2B1F7FBA2800ED03E6 /* Assets.xcassets */ = {isa = PBXFileReference; lastKnownFileType = folder.assetcatalog; path = Assets.xcassets; sourceTree = "<group>"; };
		AA7CDD2E1F7FBA2800ED03E6 /* Base */ = {isa = PBXFileReference; lastKnownFileType = file.storyboard; name = Base; path = Base.lproj/LaunchScreen.storyboard; sourceTree = "<group>"; };
		AA7CDD301F7FBA2800ED03E6 /* Info.plist */ = {isa = PBXFileReference; lastKnownFileType = text.plist.xml; path = Info.plist; sourceTree = "<group>"; };
		AA7CDD311F7FBA2800ED03E6 /* main.m */ = {isa = PBXFileReference; lastKnownFileType = sourcecode.c.objc; path = main.m; sourceTree = "<group>"; };
		AA7CDD381F7FC8DE00ED03E6 /* RedView.h */ = {isa = PBXFileReference; lastKnownFileType = sourcecode.c.h; path = RedView.h; sourceTree = "<group>"; };
		AA7CDD391F7FC8DE00ED03E6 /* RedView.m */ = {isa = PBXFileReference; lastKnownFileType = sourcecode.c.objc; path = RedView.m; sourceTree = "<group>"; };
/* End PBXFileReference section */

/* Begin PBXFrameworksBuildPhase section */
		AA7CDD1C1F7FBA2800ED03E6 /* Frameworks */ = {
			isa = PBXFrameworksBuildPhase;
			buildActionMask = 2147483647;
			files = (
				B1EC5FC66C327D88F66B2FC5 /* Pods_ReactiveCocoaDemo.framework in Frameworks */,
			);
			runOnlyForDeploymentPostprocessing = 0;
		};
/* End PBXFrameworksBuildPhase section */

/* Begin PBXGroup section */
		061D840E3B49A57FBB19BC37 /* Frameworks */ = {
			isa = PBXGroup;
			children = (
				12F9AA6F3046FA6D4E267183 /* Pods_ReactiveCocoaDemo.framework */,
			);
			name = Frameworks;
			sourceTree = "<group>";
		};
		9912A0137F42C38C52D735AD /* Pods */ = {
			isa = PBXGroup;
			children = (
				7C5EE9EFD7A56AE700F1943B /* Pods-ReactiveCocoaDemo.debug.xcconfig */,
				0F48CBEA3F964ED6C145DD75 /* Pods-ReactiveCocoaDemo.release.xcconfig */,
			);
			name = Pods;
			sourceTree = "<group>";
		};
		AA7CDD161F7FBA2800ED03E6 = {
			isa = PBXGroup;
			children = (
				AA7CDD211F7FBA2800ED03E6 /* ReactiveCocoaDemo */,
				AA7CDD201F7FBA2800ED03E6 /* Products */,
				9912A0137F42C38C52D735AD /* Pods */,
				061D840E3B49A57FBB19BC37 /* Frameworks */,
			);
			sourceTree = "<group>";
		};
		AA7CDD201F7FBA2800ED03E6 /* Products */ = {
			isa = PBXGroup;
			children = (
				AA7CDD1F1F7FBA2800ED03E6 /* ReactiveCocoaDemo.app */,
			);
			name = Products;
			sourceTree = "<group>";
		};
		AA7CDD211F7FBA2800ED03E6 /* ReactiveCocoaDemo */ = {
			isa = PBXGroup;
			children = (
				AA7CDD221F7FBA2800ED03E6 /* AppDelegate.h */,
				AA7CDD231F7FBA2800ED03E6 /* AppDelegate.m */,
				AA7CDD251F7FBA2800ED03E6 /* ViewController.h */,
				AA7CDD261F7FBA2800ED03E6 /* ViewController.m */,
				AA7CDD381F7FC8DE00ED03E6 /* RedView.h */,
				AA7CDD391F7FC8DE00ED03E6 /* RedView.m */,
				AA7CDD281F7FBA2800ED03E6 /* Main.storyboard */,
				AA7CDD2B1F7FBA2800ED03E6 /* Assets.xcassets */,
				AA7CDD2D1F7FBA2800ED03E6 /* LaunchScreen.storyboard */,
				AA7CDD301F7FBA2800ED03E6 /* Info.plist */,
				AA7CDD311F7FBA2800ED03E6 /* main.m */,
			);
			path = ReactiveCocoaDemo;
			sourceTree = "<group>";
		};
/* End PBXGroup section */

/* Begin PBXNativeTarget section */
		AA7CDD1E1F7FBA2800ED03E6 /* ReactiveCocoaDemo */ = {
			isa = PBXNativeTarget;
			buildConfigurationList = AA7CDD351F7FBA2800ED03E6 /* Build configuration list for PBXNativeTarget "ReactiveCocoaDemo" */;
			buildPhases = (
				816507D1EBC938FA883212B0 /* [CP] Check Pods Manifest.lock */,
				AA7CDD1B1F7FBA2800ED03E6 /* Sources */,
				AA7CDD1C1F7FBA2800ED03E6 /* Frameworks */,
				AA7CDD1D1F7FBA2800ED03E6 /* Resources */,
				EA8F2DF4474C0B85D47CE894 /* [CP] Embed Pods Frameworks */,
				EB09045B853CEE586CFC022D /* [CP] Copy Pods Resources */,
			);
			buildRules = (
			);
			dependencies = (
			);
			name = ReactiveCocoaDemo;
			productName = ReactiveCocoaDemo;
			productReference = AA7CDD1F1F7FBA2800ED03E6 /* ReactiveCocoaDemo.app */;
			productType = "com.apple.product-type.application";
		};
/* End PBXNativeTarget section */

/* Begin PBXProject section */
		AA7CDD171F7FBA2800ED03E6 /* Project object */ = {
			isa = PBXProject;
			attributes = {
				LastUpgradeCheck = 0900;
				ORGANIZATIONNAME = wwh;
				TargetAttributes = {
					AA7CDD1E1F7FBA2800ED03E6 = {
						CreatedOnToolsVersion = 9.0;
						ProvisioningStyle = Automatic;
					};
				};
			};
			buildConfigurationList = AA7CDD1A1F7FBA2800ED03E6 /* Build configuration list for PBXProject "ReactiveCocoaDemo" */;
			compatibilityVersion = "Xcode 8.0";
			developmentRegion = en;
			hasScannedForEncodings = 0;
			knownRegions = (
				en,
				Base,
			);
			mainGroup = AA7CDD161F7FBA2800ED03E6;
			productRefGroup = AA7CDD201F7FBA2800ED03E6 /* Products */;
			projectDirPath = "";
			projectRoot = "";
			targets = (
				AA7CDD1E1F7FBA2800ED03E6 /* ReactiveCocoaDemo */,
			);
		};
/* End PBXProject section */

/* Begin PBXResourcesBuildPhase section */
		AA7CDD1D1F7FBA2800ED03E6 /* Resources */ = {
			isa = PBXResourcesBuildPhase;
			buildActionMask = 2147483647;
			files = (
				AA7CDD2F1F7FBA2800ED03E6 /* LaunchScreen.storyboard in Resources */,
				AA7CDD2C1F7FBA2800ED03E6 /* Assets.xcassets in Resources */,
				AA7CDD2A1F7FBA2800ED03E6 /* Main.storyboard in Resources */,
			);
			runOnlyForDeploymentPostprocessing = 0;
		};
/* End PBXResourcesBuildPhase section */

/* Begin PBXShellScriptBuildPhase section */
		816507D1EBC938FA883212B0 /* [CP] Check Pods Manifest.lock */ = {
			isa = PBXShellScriptBuildPhase;
			buildActionMask = 2147483647;
			files = (
			);
			inputPaths = (
			);
			name = "[CP] Check Pods Manifest.lock";
			outputPaths = (
			);
			runOnlyForDeploymentPostprocessing = 0;
			shellPath = /bin/sh;
			shellScript = "diff \"${PODS_ROOT}/../Podfile.lock\" \"${PODS_ROOT}/Manifest.lock\" > /dev/null\nif [ $? != 0 ] ; then\n    # print error to STDERR\n    echo \"error: The sandbox is not in sync with the Podfile.lock. Run 'pod install' or update your CocoaPods installation.\" >&2\n    exit 1\nfi\n";
			showEnvVarsInLog = 0;
		};
		EA8F2DF4474C0B85D47CE894 /* [CP] Embed Pods Frameworks */ = {
			isa = PBXShellScriptBuildPhase;
			buildActionMask = 2147483647;
			files = (
			);
			inputPaths = (
			);
			name = "[CP] Embed Pods Frameworks";
			outputPaths = (
			);
			runOnlyForDeploymentPostprocessing = 0;
			shellPath = /bin/sh;
			shellScript = "\"${SRCROOT}/Pods/Target Support Files/Pods-ReactiveCocoaDemo/Pods-ReactiveCocoaDemo-frameworks.sh\"\n";
			showEnvVarsInLog = 0;
		};
		EB09045B853CEE586CFC022D /* [CP] Copy Pods Resources */ = {
			isa = PBXShellScriptBuildPhase;
			buildActionMask = 2147483647;
			files = (
			);
			inputPaths = (
			);
			name = "[CP] Copy Pods Resources";
			outputPaths = (
			);
			runOnlyForDeploymentPostprocessing = 0;
			shellPath = /bin/sh;
			shellScript = "\"${SRCROOT}/Pods/Target Support Files/Pods-ReactiveCocoaDemo/Pods-ReactiveCocoaDemo-resources.sh\"\n";
			showEnvVarsInLog = 0;
		};
/* End PBXShellScriptBuildPhase section */

/* Begin PBXSourcesBuildPhase section */
		AA7CDD1B1F7FBA2800ED03E6 /* Sources */ = {
			isa = PBXSourcesBuildPhase;
			buildActionMask = 2147483647;
			files = (
				AA7CDD271F7FBA2800ED03E6 /* ViewController.m in Sources */,
				AA7CDD321F7FBA2800ED03E6 /* main.m in Sources */,
				AA7CDD3A1F7FC8DE00ED03E6 /* RedView.m in Sources */,
				AA7CDD241F7FBA2800ED03E6 /* AppDelegate.m in Sources */,
			);
			runOnlyForDeploymentPostprocessing = 0;
		};
/* End PBXSourcesBuildPhase section */

/* Begin PBXVariantGroup section */
		AA7CDD281F7FBA2800ED03E6 /* Main.storyboard */ = {
			isa = PBXVariantGroup;
			children = (
				AA7CDD291F7FBA2800ED03E6 /* Base */,
			);
			name = Main.storyboard;
			sourceTree = "<group>";
		};
		AA7CDD2D1F7FBA2800ED03E6 /* LaunchScreen.storyboard */ = {
			isa = PBXVariantGroup;
			children = (
				AA7CDD2E1F7FBA2800ED03E6 /* Base */,
			);
			name = LaunchScreen.storyboard;
			sourceTree = "<group>";
		};
/* End PBXVariantGroup section */

/* Begin XCBuildConfiguration section */
		AA7CDD331F7FBA2800ED03E6 /* Debug */ = {
			isa = XCBuildConfiguration;
			buildSettings = {
				ALWAYS_SEARCH_USER_PATHS = NO;
				CLANG_ANALYZER_NONNULL = YES;
				CLANG_ANALYZER_NUMBER_OBJECT_CONVERSION = YES_AGGRESSIVE;
				CLANG_CXX_LANGUAGE_STANDARD = "gnu++14";
				CLANG_CXX_LIBRARY = "libc++";
				CLANG_ENABLE_MODULES = YES;
				CLANG_ENABLE_OBJC_ARC = YES;
				CLANG_WARN_BLOCK_CAPTURE_AUTORELEASING = YES;
				CLANG_WARN_BOOL_CONVERSION = YES;
				CLANG_WARN_COMMA = YES;
				CLANG_WARN_CONSTANT_CONVERSION = YES;
				CLANG_WARN_DIRECT_OBJC_ISA_USAGE = YES_ERROR;
				CLANG_WARN_DOCUMENTATION_COMMENTS = YES;
				CLANG_WARN_EMPTY_BODY = YES;
				CLANG_WARN_ENUM_CONVERSION = YES;
				CLANG_WARN_INFINITE_RECURSION = YES;
				CLANG_WARN_INT_CONVERSION = YES;
				CLANG_WARN_NON_LITERAL_NULL_CONVERSION = YES;
				CLANG_WARN_OBJC_LITERAL_CONVERSION = YES;
				CLANG_WARN_OBJC_ROOT_CLASS = YES_ERROR;
				CLANG_WARN_RANGE_LOOP_ANALYSIS = YES;
				CLANG_WARN_STRICT_PROTOTYPES = YES;
				CLANG_WARN_SUSPICIOUS_MOVE = YES;
				CLANG_WARN_UNGUARDED_AVAILABILITY = YES_AGGRESSIVE;
				CLANG_WARN_UNREACHABLE_CODE = YES;
				CLANG_WARN__DUPLICATE_METHOD_MATCH = YES;
				CODE_SIGN_IDENTITY = "iPhone Developer";
				COPY_PHASE_STRIP = NO;
				DEBUG_INFORMATION_FORMAT = dwarf;
				ENABLE_STRICT_OBJC_MSGSEND = YES;
				ENABLE_TESTABILITY = YES;
				GCC_C_LANGUAGE_STANDARD = gnu11;
				GCC_DYNAMIC_NO_PIC = NO;
				GCC_NO_COMMON_BLOCKS = YES;
				GCC_OPTIMIZATION_LEVEL = 0;
				GCC_PREPROCESSOR_DEFINITIONS = (
					"DEBUG=1",
					"$(inherited)",
				);
				GCC_WARN_64_TO_32_BIT_CONVERSION = YES;
				GCC_WARN_ABOUT_RETURN_TYPE = YES_ERROR;
				GCC_WARN_UNDECLARED_SELECTOR = YES;
				GCC_WARN_UNINITIALIZED_AUTOS = YES_AGGRESSIVE;
				GCC_WARN_UNUSED_FUNCTION = YES;
				GCC_WARN_UNUSED_VARIABLE = YES;
				IPHONEOS_DEPLOYMENT_TARGET = 8.0;
				MTL_ENABLE_DEBUG_INFO = YES;
				ONLY_ACTIVE_ARCH = YES;
				SDKROOT = iphoneos;
			};
			name = Debug;
		};
		AA7CDD341F7FBA2800ED03E6 /* Release */ = {
			isa = XCBuildConfiguration;
			buildSettings = {
				ALWAYS_SEARCH_USER_PATHS = NO;
				CLANG_ANALYZER_NONNULL = YES;
				CLANG_ANALYZER_NUMBER_OBJECT_CONVERSION = YES_AGGRESSIVE;
				CLANG_CXX_LANGUAGE_STANDARD = "gnu++14";
				CLANG_CXX_LIBRARY = "libc++";
				CLANG_ENABLE_MODULES = YES;
				CLANG_ENABLE_OBJC_ARC = YES;
				CLANG_WARN_BLOCK_CAPTURE_AUTORELEASING = YES;
				CLANG_WARN_BOOL_CONVERSION = YES;
				CLANG_WARN_COMMA = YES;
				CLANG_WARN_CONSTANT_CONVERSION = YES;
				CLANG_WARN_DIRECT_OBJC_ISA_USAGE = YES_ERROR;
				CLANG_WARN_DOCUMENTATION_COMMENTS = YES;
				CLANG_WARN_EMPTY_BODY = YES;
				CLANG_WARN_ENUM_CONVERSION = YES;
				CLANG_WARN_INFINITE_RECURSION = YES;
				CLANG_WARN_INT_CONVERSION = YES;
				CLANG_WARN_NON_LITERAL_NULL_CONVERSION = YES;
				CLANG_WARN_OBJC_LITERAL_CONVERSION = YES;
				CLANG_WARN_OBJC_ROOT_CLASS = YES_ERROR;
				CLANG_WARN_RANGE_LOOP_ANALYSIS = YES;
				CLANG_WARN_STRICT_PROTOTYPES = YES;
				CLANG_WARN_SUSPICIOUS_MOVE = YES;
				CLANG_WARN_UNGUARDED_AVAILABILITY = YES_AGGRESSIVE;
				CLANG_WARN_UNREACHABLE_CODE = YES;
				CLANG_WARN__DUPLICATE_METHOD_MATCH = YES;
				CODE_SIGN_IDENTITY = "iPhone Developer";
				COPY_PHASE_STRIP = NO;
				DEBUG_INFORMATION_FORMAT = "dwarf-with-dsym";
				ENABLE_NS_ASSERTIONS = NO;
				ENABLE_STRICT_OBJC_MSGSEND = YES;
				GCC_C_LANGUAGE_STANDARD = gnu11;
				GCC_NO_COMMON_BLOCKS = YES;
				GCC_WARN_64_TO_32_BIT_CONVERSION = YES;
				GCC_WARN_ABOUT_RETURN_TYPE = YES_ERROR;
				GCC_WARN_UNDECLARED_SELECTOR = YES;
				GCC_WARN_UNINITIALIZED_AUTOS = YES_AGGRESSIVE;
				GCC_WARN_UNUSED_FUNCTION = YES;
				GCC_WARN_UNUSED_VARIABLE = YES;
				IPHONEOS_DEPLOYMENT_TARGET = 8.0;
				MTL_ENABLE_DEBUG_INFO = NO;
				SDKROOT = iphoneos;
				VALIDATE_PRODUCT = YES;
			};
			name = Release;
		};
		AA7CDD361F7FBA2800ED03E6 /* Debug */ = {
			isa = XCBuildConfiguration;
			baseConfigurationReference = 7C5EE9EFD7A56AE700F1943B /* Pods-ReactiveCocoaDemo.debug.xcconfig */;
			buildSettings = {
				ASSETCATALOG_COMPILER_APPICON_NAME = AppIcon;
				CODE_SIGN_STYLE = Automatic;
				DEVELOPMENT_TEAM = 8XH63VCP26;
				INFOPLIST_FILE = ReactiveCocoaDemo/Info.plist;
				LD_RUNPATH_SEARCH_PATHS = "$(inherited) @executable_path/Frameworks";
				PRODUCT_BUNDLE_IDENTIFIER = wangweihu.ReactiveCocoaDemo;
				PRODUCT_NAME = "$(TARGET_NAME)";
				TARGETED_DEVICE_FAMILY = 1;
			};
			name = Debug;
		};
		AA7CDD371F7FBA2800ED03E6 /* Release */ = {
			isa = XCBuildConfiguration;
			baseConfigurationReference = 0F48CBEA3F964ED6C145DD75 /* Pods-ReactiveCocoaDemo.release.xcconfig */;
			buildSettings = {
				ASSETCATALOG_COMPILER_APPICON_NAME = AppIcon;
				CODE_SIGN_STYLE = Automatic;
				DEVELOPMENT_TEAM = 8XH63VCP26;
				INFOPLIST_FILE = ReactiveCocoaDemo/Info.plist;
				LD_RUNPATH_SEARCH_PATHS = "$(inherited) @executable_path/Frameworks";
				PRODUCT_BUNDLE_IDENTIFIER = wangweihu.ReactiveCocoaDemo;
				PRODUCT_NAME = "$(TARGET_NAME)";
				TARGETED_DEVICE_FAMILY = 1;
			};
			name = Release;
		};
/* End XCBuildConfiguration section */

/* Begin XCConfigurationList section */
		AA7CDD1A1F7FBA2800ED03E6 /* Build configuration list for PBXProject "ReactiveCocoaDemo" */ = {
			isa = XCConfigurationList;
			buildConfigurations = (
				AA7CDD331F7FBA2800ED03E6 /* Debug */,
				AA7CDD341F7FBA2800ED03E6 /* Release */,
			);
			defaultConfigurationIsVisible = 0;
			defaultConfigurationName = Release;
		};
		AA7CDD351F7FBA2800ED03E6 /* Build configuration list for PBXNativeTarget "ReactiveCocoaDemo" */ = {
			isa = XCConfigurationList;
			buildConfigurations = (
				AA7CDD361F7FBA2800ED03E6 /* Debug */,
				AA7CDD371F7FBA2800ED03E6 /* Release */,
			);
			defaultConfigurationIsVisible = 0;
			defaultConfigurationName = Release;
		};
/* End XCConfigurationList section */
	};
	rootObject = AA7CDD171F7FBA2800ED03E6 /* Project object */;
}
